PODS:
  - AVOSCloud (3.1.6.8)
  - Ruler (0.6)
  - SnapKit (0.15.0)
  - SwiftyJSON (2.3.2)

DEPENDENCIES:
  - AVOSCloud
  - Ruler
  - SnapKit (~> 0.15.0)
  - SwiftyJSON (from `https://github.com/SwiftyJSON/SwiftyJSON.git`)

EXTERNAL SOURCES:
  SwiftyJSON:
    :git: https://github.com/SwiftyJSON/SwiftyJSON.git

CHECKOUT OPTIONS:
  SwiftyJSON:
    :commit: 2a5b70f06001316d4fb54501edc70b4084705da0
    :git: https://github.com/SwiftyJSON/SwiftyJSON.git

SPEC CHECKSUMS:
  AVOSCloud: 4b06ec4444ca0ee0543e6cf729b11e5f3f956977
  Ruler: b36ec3bbc5fc6c3b7f629a6052cc1c17ada4b280
  SnapKit: 4962eed2ee18e48cbd2b2292fffc57efe7235f87
  SwiftyJSON: 04ccea08915aa0109039157c7974cf0298da292a

PODFILE CHECKSUM: 08e0c4ed67960e966451dea23c52770d6c63d6ca

COCOAPODS: 1.0.1
