// !$*UTF8*$!
{
	archiveVersion = 1;
	classes = {
	};
	objectVersion = 46;
	objects = {

/* Begin PBXBuildFile section */
		8906AB6E1D241D4E007D44D7 /* FormulaSearchBar.swift in Sources */ = {isa = PBXBuildFile; fileRef = 8906AB6D1D241D4E007D44D7 /* FormulaSearchBar.swift */; };
		8906AB721D256641007D44D7 /* TypeMenuViewController.swift in Sources */ = {isa = PBXBuildFile; fileRef = 8906AB711D256641007D44D7 /* TypeMenuViewController.swift */; };
		8906AB741D256777007D44D7 /* PopMenuAnimator.swift in Sources */ = {isa = PBXBuildFile; fileRef = 8906AB731D256777007D44D7 /* PopMenuAnimator.swift */; };
		8906AB761D256870007D44D7 /* PopMenuPresentationController.swift in Sources */ = {isa = PBXBuildFile; fileRef = 8906AB751D256870007D44D7 /* PopMenuPresentationController.swift */; };
		8906AB781D260355007D44D7 /* Animation.swift in Sources */ = {isa = PBXBuildFile; fileRef = 8906AB771D260355007D44D7 /* Animation.swift */; };
		892316D01D23B6F1006BCCE7 /* NoResultCell.swift in Sources */ = {isa = PBXBuildFile; fileRef = 892316CE1D23B6F1006BCCE7 /* NoResultCell.swift */; };
		892316D11D23B6F1006BCCE7 /* NoResultCell.xib in Resources */ = {isa = PBXBuildFile; fileRef = 892316CF1D23B6F1006BCCE7 /* NoResultCell.xib */; };
		894E10A81D2D408A00480D11 /* ChannelTableViewCell.swift in Sources */ = {isa = PBXBuildFile; fileRef = 894E10A71D2D408A00480D11 /* ChannelTableViewCell.swift */; };
		894E10AB1D2DDB8500480D11 /* CubeCategoryItemView.swift in Sources */ = {isa = PBXBuildFile; fileRef = 894E10AA1D2DDB8500480D11 /* CubeCategoryItemView.swift */; };
		894E10AD1D2DE7B400480D11 /* CategoryPickViewCell.swift in Sources */ = {isa = PBXBuildFile; fileRef = 894E10AC1D2DE7B400480D11 /* CategoryPickViewCell.swift */; };
		894E10AF1D2E4C8600480D11 /* FormulasTextTableViewCell.swift in Sources */ = {isa = PBXBuildFile; fileRef = 894E10AE1D2E4C8600480D11 /* FormulasTextTableViewCell.swift */; };
		895D10E51D210E6300CEF7FA /* CommentTableViewController.swift in Sources */ = {isa = PBXBuildFile; fileRef = 895D10E41D210E6300CEF7FA /* CommentTableViewController.swift */; };
		895D10E91D2116A000CEF7FA /* CommentFormulaCell.swift in Sources */ = {isa = PBXBuildFile; fileRef = 895D10E71D2116A000CEF7FA /* CommentFormulaCell.swift */; };
		895D10EA1D2116A000CEF7FA /* CommentFormulaCell.xib in Resources */ = {isa = PBXBuildFile; fileRef = 895D10E81D2116A000CEF7FA /* CommentFormulaCell.xib */; };
		895D10F01D21211100CEF7FA /* Formula.swift in Sources */ = {isa = PBXBuildFile; fileRef = 895D10EF1D21211100CEF7FA /* Formula.swift */; };
		895D10F31D21214F00CEF7FA /* FormulaComment.swift in Sources */ = {isa = PBXBuildFile; fileRef = 895D10F21D21214F00CEF7FA /* FormulaComment.swift */; };
		89A17BEC1D2D1B460082B625 /* LayoutButton.swift in Sources */ = {isa = PBXBuildFile; fileRef = 89A17BEB1D2D1B460082B625 /* LayoutButton.swift */; };
		89A17BF01D2D1B5F0082B625 /* HeaderReusableView.swift in Sources */ = {isa = PBXBuildFile; fileRef = 89A17BEE1D2D1B5F0082B625 /* HeaderReusableView.swift */; };
		89A17BF11D2D1B5F0082B625 /* HeaderReusableView.xib in Resources */ = {isa = PBXBuildFile; fileRef = 89A17BEF1D2D1B5F0082B625 /* HeaderReusableView.xib */; };
		89A17BF51D2D1B9B0082B625 /* HeaderTableViewCell.swift in Sources */ = {isa = PBXBuildFile; fileRef = 89A17BF31D2D1B9B0082B625 /* HeaderTableViewCell.swift */; };
		89A17BF91D2D1BEF0082B625 /* AddFormulaViewController.swift in Sources */ = {isa = PBXBuildFile; fileRef = 89A17BF81D2D1BEF0082B625 /* AddFormulaViewController.swift */; };
		89A17BFB1D2D1BF80082B625 /* AddFormula.storyboard in Resources */ = {isa = PBXBuildFile; fileRef = 89A17BFA1D2D1BF80082B625 /* AddFormula.storyboard */; };
		89B9247F1D05572B00BBF003 /* Resgin.storyboard in Resources */ = {isa = PBXBuildFile; fileRef = 89B9247E1D05572B00BBF003 /* Resgin.storyboard */; };
		89B924811D055A9000BBF003 /* RegsinViewController.swift in Sources */ = {isa = PBXBuildFile; fileRef = 89B924801D055A9000BBF003 /* RegsinViewController.swift */; };
		89B924831D05623000BBF003 /* RegisterPickNameViewController.swift in Sources */ = {isa = PBXBuildFile; fileRef = 89B924821D05623000BBF003 /* RegisterPickNameViewController.swift */; };
		89B924851D05702200BBF003 /* RegisterPickMobileViewController.swift in Sources */ = {isa = PBXBuildFile; fileRef = 89B924841D05702200BBF003 /* RegisterPickMobileViewController.swift */; };
		89B924871D0571A500BBF003 /* CubeUserDefaults.swift in Sources */ = {isa = PBXBuildFile; fileRef = 89B924861D0571A500BBF003 /* CubeUserDefaults.swift */; };
		89B924891D0578D400BBF003 /* BorderTextField.swift in Sources */ = {isa = PBXBuildFile; fileRef = 89B924881D0578D400BBF003 /* BorderTextField.swift */; };
		89B9248C1D05B7AB00BBF003 /* FooterCell.swift in Sources */ = {isa = PBXBuildFile; fileRef = 89B9248A1D05B7AB00BBF003 /* FooterCell.swift */; };
		89B9248D1D05B7AB00BBF003 /* FooterCell.xib in Resources */ = {isa = PBXBuildFile; fileRef = 89B9248B1D05B7AB00BBF003 /* FooterCell.xib */; };
		89BE42AB1D01981000E525D4 /* AppDelegate.swift in Sources */ = {isa = PBXBuildFile; fileRef = 89BE429C1D01981000E525D4 /* AppDelegate.swift */; };
		89BE42AD1D01981000E525D4 /* LaunchScreen.storyboard in Resources */ = {isa = PBXBuildFile; fileRef = 89BE429F1D01981000E525D4 /* LaunchScreen.storyboard */; };
		89BE42AE1D01981000E525D4 /* Main.storyboard in Resources */ = {isa = PBXBuildFile; fileRef = 89BE42A11D01981000E525D4 /* Main.storyboard */; };
		89BE42AF1D01981000E525D4 /* UIColor+Cube.swift in Sources */ = {isa = PBXBuildFile; fileRef = 89BE42A41D01981000E525D4 /* UIColor+Cube.swift */; };
		89C2EDB41D01A0E9009365BA /* Assets.xcassets in Resources */ = {isa = PBXBuildFile; fileRef = 89C2EDB31D01A0E9009365BA /* Assets.xcassets */; };
		89C2EDB71D01A387009365BA /* Helper.swift in Sources */ = {isa = PBXBuildFile; fileRef = 89C2EDB61D01A387009365BA /* Helper.swift */; };
		89C2EDBD1D01C38F009365BA /* UIBarButtonItem+Cube.swift in Sources */ = {isa = PBXBuildFile; fileRef = 89C2EDBC1D01C38F009365BA /* UIBarButtonItem+Cube.swift */; };
		89E065D81D042FF5000B7D08 /* String+Cube.swift in Sources */ = {isa = PBXBuildFile; fileRef = 89E065D71D042FF5000B7D08 /* String+Cube.swift */; };
		89E6637A1D03F18200E90926 /* BaseCollectionViewController.swift in Sources */ = {isa = PBXBuildFile; fileRef = 89E663631D03F18200E90926 /* BaseCollectionViewController.swift */; };
		89E6637B1D03F18200E90926 /* _CardCollectionViewLayout.swift in Sources */ = {isa = PBXBuildFile; fileRef = 89E663641D03F18200E90926 /* _CardCollectionViewLayout.swift */; };
		89E6637C1D03F18200E90926 /* _NormalCollectionViewLayout.swift in Sources */ = {isa = PBXBuildFile; fileRef = 89E663651D03F18200E90926 /* _NormalCollectionViewLayout.swift */; };
		89E6637D1D03F18200E90926 /* ContainerViewController.swift in Sources */ = {isa = PBXBuildFile; fileRef = 89E663671D03F18200E90926 /* ContainerViewController.swift */; };
		89E6637E1D03F18200E90926 /* ShowFormulaDetailController.swift in Sources */ = {isa = PBXBuildFile; fileRef = 89E663691D03F18200E90926 /* ShowFormulaDetailController.swift */; };
		89E6637F1D03F18200E90926 /* FormulaCollectionLayout.swift in Sources */ = {isa = PBXBuildFile; fileRef = 89E6636A1D03F18200E90926 /* FormulaCollectionLayout.swift */; };
		89E663801D03F18200E90926 /* ShowFormulaDetailLayout.swift in Sources */ = {isa = PBXBuildFile; fileRef = 89E6636C1D03F18200E90926 /* ShowFormulaDetailLayout.swift */; };
		89E663811D03F18200E90926 /* FormulaLibraryViewController.swift in Sources */ = {isa = PBXBuildFile; fileRef = 89E6636E1D03F18200E90926 /* FormulaLibraryViewController.swift */; };
		89E663821D03F18200E90926 /* MyFormulaViewController.swift in Sources */ = {isa = PBXBuildFile; fileRef = 89E663701D03F18200E90926 /* MyFormulaViewController.swift */; };
		89E663831D03F18200E90926 /* MainNavigationController.swift in Sources */ = {isa = PBXBuildFile; fileRef = 89E663721D03F18200E90926 /* MainNavigationController.swift */; };
		89E663841D03F18200E90926 /* MainTabbarController.swift in Sources */ = {isa = PBXBuildFile; fileRef = 89E663731D03F18200E90926 /* MainTabbarController.swift */; };
		89E663851D03F18200E90926 /* PerformanceViewController.swift in Sources */ = {isa = PBXBuildFile; fileRef = 89E663751D03F18200E90926 /* PerformanceViewController.swift */; };
		89E663861D03F18200E90926 /* SettingViewController.swift in Sources */ = {isa = PBXBuildFile; fileRef = 89E663771D03F18200E90926 /* SettingViewController.swift */; };
		89E663871D03F18200E90926 /* TimerViewController.swift in Sources */ = {isa = PBXBuildFile; fileRef = 89E663791D03F18200E90926 /* TimerViewController.swift */; };
		89E663891D03F95B00E90926 /* DetailSubCollectionView.swift in Sources */ = {isa = PBXBuildFile; fileRef = 89E663881D03F95B00E90926 /* DetailSubCollectionView.swift */; };
		89E6638B1D03F96E00E90926 /* DetailSubCollectionViewLayout.swift in Sources */ = {isa = PBXBuildFile; fileRef = 89E6638A1D03F96E00E90926 /* DetailSubCollectionViewLayout.swift */; };
		89E6638E1D03FA8700E90926 /* HeaderCell.swift in Sources */ = {isa = PBXBuildFile; fileRef = 89E6638C1D03FA8700E90926 /* HeaderCell.swift */; };
		89E6638F1D03FA8700E90926 /* HeaderCell.xib in Resources */ = {isa = PBXBuildFile; fileRef = 89E6638D1D03FA8700E90926 /* HeaderCell.xib */; };
		89E663921D04039A00E90926 /* MasterCell.swift in Sources */ = {isa = PBXBuildFile; fileRef = 89E663901D04039A00E90926 /* MasterCell.swift */; };
		89E663931D04039A00E90926 /* MasterCell.xib in Resources */ = {isa = PBXBuildFile; fileRef = 89E663911D04039A00E90926 /* MasterCell.xib */; };
		89E663961D04099A00E90926 /* SeparatorCell.swift in Sources */ = {isa = PBXBuildFile; fileRef = 89E663941D04099A00E90926 /* SeparatorCell.swift */; };
		89E663971D04099A00E90926 /* SeparatorCell.xib in Resources */ = {isa = PBXBuildFile; fileRef = 89E663951D04099A00E90926 /* SeparatorCell.xib */; };
		89E6639A1D040C2400E90926 /* FormulaCell.swift in Sources */ = {isa = PBXBuildFile; fileRef = 89E663981D040C2400E90926 /* FormulaCell.swift */; };
		89E6639B1D040C2400E90926 /* FormulaCell.xib in Resources */ = {isa = PBXBuildFile; fileRef = 89E663991D040C2400E90926 /* FormulaCell.xib */; };
		89E6C4E41D0303F7005ACFB9 /* UIFont+Cube.swift in Sources */ = {isa = PBXBuildFile; fileRef = 89E6C4E31D0303F7005ACFB9 /* UIFont+Cube.swift */; };
		89E6C4E61D03093F005ACFB9 /* CoreGraphics.framework in Frameworks */ = {isa = PBXBuildFile; fileRef = 89E6C4E51D03093F005ACFB9 /* CoreGraphics.framework */; };
		89E6C5ED1D03F0D3005ACFB9 /* DetailFormulaCell.swift in Sources */ = {isa = PBXBuildFile; fileRef = 89E6C5E21D03F0D3005ACFB9 /* DetailFormulaCell.swift */; };
		89E6C5EE1D03F0D3005ACFB9 /* DetailFormulaCell.xib in Resources */ = {isa = PBXBuildFile; fileRef = 89E6C5E31D03F0D3005ACFB9 /* DetailFormulaCell.xib */; };
		89E6C5EF1D03F0D3005ACFB9 /* CardFormulaCell.swift in Sources */ = {isa = PBXBuildFile; fileRef = 89E6C5E51D03F0D3005ACFB9 /* CardFormulaCell.swift */; };
		89E6C5F01D03F0D3005ACFB9 /* CardFormulaCell.xib in Resources */ = {isa = PBXBuildFile; fileRef = 89E6C5E61D03F0D3005ACFB9 /* CardFormulaCell.xib */; };
		89E6C5F11D03F0D3005ACFB9 /* ShowDetailCell.swift in Sources */ = {isa = PBXBuildFile; fileRef = 89E6C5E81D03F0D3005ACFB9 /* ShowDetailCell.swift */; };
		89E6C5F21D03F0D3005ACFB9 /* ShowDetailCell.xib in Resources */ = {isa = PBXBuildFile; fileRef = 89E6C5E91D03F0D3005ACFB9 /* ShowDetailCell.xib */; };
		89E6C5F31D03F0D3005ACFB9 /* NormalFormulaCell.swift in Sources */ = {isa = PBXBuildFile; fileRef = 89E6C5EB1D03F0D3005ACFB9 /* NormalFormulaCell.swift */; };
		89E6C5F41D03F0D3005ACFB9 /* NormalFormulaCell.xib in Resources */ = {isa = PBXBuildFile; fileRef = 89E6C5EC1D03F0D3005ACFB9 /* NormalFormulaCell.xib */; };
		89EEDCA11D0201E9007257C3 /* testData.swift in Sources */ = {isa = PBXBuildFile; fileRef = 89EEDCA01D0201E9007257C3 /* testData.swift */; };
		89EEDCA71D0297D7007257C3 /* CreatJSON.swift in Sources */ = {isa = PBXBuildFile; fileRef = 89EEDCA61D0297D7007257C3 /* CreatJSON.swift */; };
		89EEDCB11D02A3ED007257C3 /* Formulas.json in Resources */ = {isa = PBXBuildFile; fileRef = 89EEDCB01D02A3ED007257C3 /* Formulas.json */; };
		89EEDCBC1D02EF6D007257C3 /* Storyboard+Cube.swift in Sources */ = {isa = PBXBuildFile; fileRef = 89EEDCBB1D02EF6D007257C3 /* Storyboard+Cube.swift */; };
		89F58F211D01696400361474 /* Main.storyboard in Resources */ = {isa = PBXBuildFile; fileRef = 89F58F1F1D01696400361474 /* Main.storyboard */; };
		89F58F261D01696400361474 /* LaunchScreen.storyboard in Resources */ = {isa = PBXBuildFile; fileRef = 89F58F241D01696400361474 /* LaunchScreen.storyboard */; };
		B405A77C7F06B60A60D8CC66 /* Pods_Lucuber.framework in Frameworks */ = {isa = PBXBuildFile; fileRef = 33CEB38D9EC95ACE77CBE30D /* Pods_Lucuber.framework */; };
/* End PBXBuildFile section */

/* Begin PBXFileReference section */
		139A8A82B76C8BB58031F287 /* Pods-Lucuber.release.xcconfig */ = {isa = PBXFileReference; includeInIndex = 1; lastKnownFileType = text.xcconfig; name = "Pods-Lucuber.release.xcconfig"; path = "Pods/Target Support Files/Pods-Lucuber/Pods-Lucuber.release.xcconfig"; sourceTree = "<group>"; };
		33CEB38D9EC95ACE77CBE30D /* Pods_Lucuber.framework */ = {isa = PBXFileReference; explicitFileType = wrapper.framework; includeInIndex = 0; path = Pods_Lucuber.framework; sourceTree = BUILT_PRODUCTS_DIR; };
		8906AB6D1D241D4E007D44D7 /* FormulaSearchBar.swift */ = {isa = PBXFileReference; fileEncoding = 4; lastKnownFileType = sourcecode.swift; path = FormulaSearchBar.swift; sourceTree = "<group>"; };
		8906AB711D256641007D44D7 /* TypeMenuViewController.swift */ = {isa = PBXFileReference; fileEncoding = 4; lastKnownFileType = sourcecode.swift; path = TypeMenuViewController.swift; sourceTree = "<group>"; };
		8906AB731D256777007D44D7 /* PopMenuAnimator.swift */ = {isa = PBXFileReference; fileEncoding = 4; lastKnownFileType = sourcecode.swift; path = PopMenuAnimator.swift; sourceTree = "<group>"; };
		8906AB751D256870007D44D7 /* PopMenuPresentationController.swift */ = {isa = PBXFileReference; fileEncoding = 4; lastKnownFileType = sourcecode.swift; path = PopMenuPresentationController.swift; sourceTree = "<group>"; };
		8906AB771D260355007D44D7 /* Animation.swift */ = {isa = PBXFileReference; fileEncoding = 4; lastKnownFileType = sourcecode.swift; path = Animation.swift; sourceTree = "<group>"; };
		892316CE1D23B6F1006BCCE7 /* NoResultCell.swift */ = {isa = PBXFileReference; fileEncoding = 4; lastKnownFileType = sourcecode.swift; path = NoResultCell.swift; sourceTree = "<group>"; };
		892316CF1D23B6F1006BCCE7 /* NoResultCell.xib */ = {isa = PBXFileReference; fileEncoding = 4; lastKnownFileType = file.xib; path = NoResultCell.xib; sourceTree = "<group>"; };
		894E10A71D2D408A00480D11 /* ChannelTableViewCell.swift */ = {isa = PBXFileReference; fileEncoding = 4; lastKnownFileType = sourcecode.swift; path = ChannelTableViewCell.swift; sourceTree = "<group>"; };
		894E10AA1D2DDB8500480D11 /* CubeCategoryItemView.swift */ = {isa = PBXFileReference; fileEncoding = 4; lastKnownFileType = sourcecode.swift; path = CubeCategoryItemView.swift; sourceTree = "<group>"; };
		894E10AC1D2DE7B400480D11 /* CategoryPickViewCell.swift */ = {isa = PBXFileReference; fileEncoding = 4; lastKnownFileType = sourcecode.swift; path = CategoryPickViewCell.swift; sourceTree = "<group>"; };
		894E10AE1D2E4C8600480D11 /* FormulasTextTableViewCell.swift */ = {isa = PBXFileReference; fileEncoding = 4; lastKnownFileType = sourcecode.swift; path = FormulasTextTableViewCell.swift; sourceTree = "<group>"; };
		895D10E41D210E6300CEF7FA /* CommentTableViewController.swift */ = {isa = PBXFileReference; fileEncoding = 4; lastKnownFileType = sourcecode.swift; path = CommentTableViewController.swift; sourceTree = "<group>"; };
		895D10E71D2116A000CEF7FA /* CommentFormulaCell.swift */ = {isa = PBXFileReference; fileEncoding = 4; lastKnownFileType = sourcecode.swift; path = CommentFormulaCell.swift; sourceTree = "<group>"; };
		895D10E81D2116A000CEF7FA /* CommentFormulaCell.xib */ = {isa = PBXFileReference; fileEncoding = 4; lastKnownFileType = file.xib; path = CommentFormulaCell.xib; sourceTree = "<group>"; };
		895D10EF1D21211100CEF7FA /* Formula.swift */ = {isa = PBXFileReference; fileEncoding = 4; lastKnownFileType = sourcecode.swift; path = Formula.swift; sourceTree = "<group>"; };
		895D10F21D21214F00CEF7FA /* FormulaComment.swift */ = {isa = PBXFileReference; fileEncoding = 4; lastKnownFileType = sourcecode.swift; path = FormulaComment.swift; sourceTree = "<group>"; };
		89A17BEB1D2D1B460082B625 /* LayoutButton.swift */ = {isa = PBXFileReference; fileEncoding = 4; lastKnownFileType = sourcecode.swift; path = LayoutButton.swift; sourceTree = "<group>"; };
		89A17BEE1D2D1B5F0082B625 /* HeaderReusableView.swift */ = {isa = PBXFileReference; fileEncoding = 4; lastKnownFileType = sourcecode.swift; path = HeaderReusableView.swift; sourceTree = "<group>"; };
		89A17BEF1D2D1B5F0082B625 /* HeaderReusableView.xib */ = {isa = PBXFileReference; fileEncoding = 4; lastKnownFileType = file.xib; path = HeaderReusableView.xib; sourceTree = "<group>"; };
		89A17BF31D2D1B9B0082B625 /* HeaderTableViewCell.swift */ = {isa = PBXFileReference; fileEncoding = 4; lastKnownFileType = sourcecode.swift; path = HeaderTableViewCell.swift; sourceTree = "<group>"; };
		89A17BF81D2D1BEF0082B625 /* AddFormulaViewController.swift */ = {isa = PBXFileReference; fileEncoding = 4; lastKnownFileType = sourcecode.swift; path = AddFormulaViewController.swift; sourceTree = "<group>"; };
		89A17BFA1D2D1BF80082B625 /* AddFormula.storyboard */ = {isa = PBXFileReference; fileEncoding = 4; lastKnownFileType = file.storyboard; path = AddFormula.storyboard; sourceTree = "<group>"; };
		89B9247E1D05572B00BBF003 /* Resgin.storyboard */ = {isa = PBXFileReference; fileEncoding = 4; lastKnownFileType = file.storyboard; path = Resgin.storyboard; sourceTree = "<group>"; };
		89B924801D055A9000BBF003 /* RegsinViewController.swift */ = {isa = PBXFileReference; fileEncoding = 4; lastKnownFileType = sourcecode.swift; path = RegsinViewController.swift; sourceTree = "<group>"; };
		89B924821D05623000BBF003 /* RegisterPickNameViewController.swift */ = {isa = PBXFileReference; fileEncoding = 4; lastKnownFileType = sourcecode.swift; path = RegisterPickNameViewController.swift; sourceTree = "<group>"; };
		89B924841D05702200BBF003 /* RegisterPickMobileViewController.swift */ = {isa = PBXFileReference; fileEncoding = 4; lastKnownFileType = sourcecode.swift; path = RegisterPickMobileViewController.swift; sourceTree = "<group>"; };
		89B924861D0571A500BBF003 /* CubeUserDefaults.swift */ = {isa = PBXFileReference; fileEncoding = 4; lastKnownFileType = sourcecode.swift; path = CubeUserDefaults.swift; sourceTree = "<group>"; };
		89B924881D0578D400BBF003 /* BorderTextField.swift */ = {isa = PBXFileReference; fileEncoding = 4; lastKnownFileType = sourcecode.swift; path = BorderTextField.swift; sourceTree = "<group>"; };
		89B9248A1D05B7AB00BBF003 /* FooterCell.swift */ = {isa = PBXFileReference; fileEncoding = 4; lastKnownFileType = sourcecode.swift; path = FooterCell.swift; sourceTree = "<group>"; };
		89B9248B1D05B7AB00BBF003 /* FooterCell.xib */ = {isa = PBXFileReference; fileEncoding = 4; lastKnownFileType = file.xib; path = FooterCell.xib; sourceTree = "<group>"; };
		89BE429B1D01980F00E525D4 /* Lucuber-Bridging-Header.h */ = {isa = PBXFileReference; lastKnownFileType = sourcecode.c.h; path = "Lucuber-Bridging-Header.h"; sourceTree = "<group>"; };
		89BE429C1D01981000E525D4 /* AppDelegate.swift */ = {isa = PBXFileReference; fileEncoding = 4; lastKnownFileType = sourcecode.swift; path = AppDelegate.swift; sourceTree = "<group>"; };
		89BE42A01D01981000E525D4 /* Base */ = {isa = PBXFileReference; lastKnownFileType = file.storyboard; name = Base; path = LaunchScreen.storyboard; sourceTree = "<group>"; };
		89BE42A21D01981000E525D4 /* Base */ = {isa = PBXFileReference; lastKnownFileType = file.storyboard; name = Base; path = Main.storyboard; sourceTree = "<group>"; };
		89BE42A41D01981000E525D4 /* UIColor+Cube.swift */ = {isa = PBXFileReference; fileEncoding = 4; lastKnownFileType = sourcecode.swift; path = "UIColor+Cube.swift"; sourceTree = "<group>"; };
		89BE42C71D019B4D00E525D4 /* Info.plist */ = {isa = PBXFileReference; fileEncoding = 4; lastKnownFileType = text.plist.xml; path = Info.plist; sourceTree = "<group>"; };
		89C2EDB31D01A0E9009365BA /* Assets.xcassets */ = {isa = PBXFileReference; lastKnownFileType = folder.assetcatalog; path = Assets.xcassets; sourceTree = "<group>"; };
		89C2EDB61D01A387009365BA /* Helper.swift */ = {isa = PBXFileReference; fileEncoding = 4; lastKnownFileType = sourcecode.swift; path = Helper.swift; sourceTree = "<group>"; };
		89C2EDBC1D01C38F009365BA /* UIBarButtonItem+Cube.swift */ = {isa = PBXFileReference; fileEncoding = 4; lastKnownFileType = sourcecode.swift; path = "UIBarButtonItem+Cube.swift"; sourceTree = "<group>"; };
		89E065D71D042FF5000B7D08 /* String+Cube.swift */ = {isa = PBXFileReference; fileEncoding = 4; lastKnownFileType = sourcecode.swift; path = "String+Cube.swift"; sourceTree = "<group>"; };
		89E663631D03F18200E90926 /* BaseCollectionViewController.swift */ = {isa = PBXFileReference; fileEncoding = 4; lastKnownFileType = sourcecode.swift; path = BaseCollectionViewController.swift; sourceTree = "<group>"; };
		89E663641D03F18200E90926 /* _CardCollectionViewLayout.swift */ = {isa = PBXFileReference; fileEncoding = 4; lastKnownFileType = sourcecode.swift; path = _CardCollectionViewLayout.swift; sourceTree = "<group>"; };
		89E663651D03F18200E90926 /* _NormalCollectionViewLayout.swift */ = {isa = PBXFileReference; fileEncoding = 4; lastKnownFileType = sourcecode.swift; path = _NormalCollectionViewLayout.swift; sourceTree = "<group>"; };
		89E663671D03F18200E90926 /* ContainerViewController.swift */ = {isa = PBXFileReference; fileEncoding = 4; lastKnownFileType = sourcecode.swift; path = ContainerViewController.swift; sourceTree = "<group>"; };
		89E663691D03F18200E90926 /* ShowFormulaDetailController.swift */ = {isa = PBXFileReference; fileEncoding = 4; lastKnownFileType = sourcecode.swift; path = ShowFormulaDetailController.swift; sourceTree = "<group>"; };
		89E6636A1D03F18200E90926 /* FormulaCollectionLayout.swift */ = {isa = PBXFileReference; fileEncoding = 4; lastKnownFileType = sourcecode.swift; path = FormulaCollectionLayout.swift; sourceTree = "<group>"; };
		89E6636C1D03F18200E90926 /* ShowFormulaDetailLayout.swift */ = {isa = PBXFileReference; fileEncoding = 4; lastKnownFileType = sourcecode.swift; path = ShowFormulaDetailLayout.swift; sourceTree = "<group>"; };
		89E6636E1D03F18200E90926 /* FormulaLibraryViewController.swift */ = {isa = PBXFileReference; fileEncoding = 4; lastKnownFileType = sourcecode.swift; path = FormulaLibraryViewController.swift; sourceTree = "<group>"; };
		89E663701D03F18200E90926 /* MyFormulaViewController.swift */ = {isa = PBXFileReference; fileEncoding = 4; lastKnownFileType = sourcecode.swift; path = MyFormulaViewController.swift; sourceTree = "<group>"; };
		89E663721D03F18200E90926 /* MainNavigationController.swift */ = {isa = PBXFileReference; fileEncoding = 4; lastKnownFileType = sourcecode.swift; path = MainNavigationController.swift; sourceTree = "<group>"; };
		89E663731D03F18200E90926 /* MainTabbarController.swift */ = {isa = PBXFileReference; fileEncoding = 4; lastKnownFileType = sourcecode.swift; path = MainTabbarController.swift; sourceTree = "<group>"; };
		89E663751D03F18200E90926 /* PerformanceViewController.swift */ = {isa = PBXFileReference; fileEncoding = 4; lastKnownFileType = sourcecode.swift; path = PerformanceViewController.swift; sourceTree = "<group>"; };
		89E663771D03F18200E90926 /* SettingViewController.swift */ = {isa = PBXFileReference; fileEncoding = 4; lastKnownFileType = sourcecode.swift; path = SettingViewController.swift; sourceTree = "<group>"; };
		89E663791D03F18200E90926 /* TimerViewController.swift */ = {isa = PBXFileReference; fileEncoding = 4; lastKnownFileType = sourcecode.swift; path = TimerViewController.swift; sourceTree = "<group>"; };
		89E663881D03F95B00E90926 /* DetailSubCollectionView.swift */ = {isa = PBXFileReference; fileEncoding = 4; lastKnownFileType = sourcecode.swift; path = DetailSubCollectionView.swift; sourceTree = "<group>"; };
		89E6638A1D03F96E00E90926 /* DetailSubCollectionViewLayout.swift */ = {isa = PBXFileReference; fileEncoding = 4; lastKnownFileType = sourcecode.swift; path = DetailSubCollectionViewLayout.swift; sourceTree = "<group>"; };
		89E6638C1D03FA8700E90926 /* HeaderCell.swift */ = {isa = PBXFileReference; fileEncoding = 4; lastKnownFileType = sourcecode.swift; path = HeaderCell.swift; sourceTree = "<group>"; };
		89E6638D1D03FA8700E90926 /* HeaderCell.xib */ = {isa = PBXFileReference; fileEncoding = 4; lastKnownFileType = file.xib; path = HeaderCell.xib; sourceTree = "<group>"; };
		89E663901D04039A00E90926 /* MasterCell.swift */ = {isa = PBXFileReference; fileEncoding = 4; lastKnownFileType = sourcecode.swift; path = MasterCell.swift; sourceTree = "<group>"; };
		89E663911D04039A00E90926 /* MasterCell.xib */ = {isa = PBXFileReference; fileEncoding = 4; lastKnownFileType = file.xib; path = MasterCell.xib; sourceTree = "<group>"; };
		89E663941D04099A00E90926 /* SeparatorCell.swift */ = {isa = PBXFileReference; fileEncoding = 4; lastKnownFileType = sourcecode.swift; path = SeparatorCell.swift; sourceTree = "<group>"; };
		89E663951D04099A00E90926 /* SeparatorCell.xib */ = {isa = PBXFileReference; fileEncoding = 4; lastKnownFileType = file.xib; path = SeparatorCell.xib; sourceTree = "<group>"; };
		89E663981D040C2400E90926 /* FormulaCell.swift */ = {isa = PBXFileReference; fileEncoding = 4; lastKnownFileType = sourcecode.swift; path = FormulaCell.swift; sourceTree = "<group>"; };
		89E663991D040C2400E90926 /* FormulaCell.xib */ = {isa = PBXFileReference; fileEncoding = 4; lastKnownFileType = file.xib; path = FormulaCell.xib; sourceTree = "<group>"; };
		89E6C4E31D0303F7005ACFB9 /* UIFont+Cube.swift */ = {isa = PBXFileReference; fileEncoding = 4; lastKnownFileType = sourcecode.swift; path = "UIFont+Cube.swift"; sourceTree = "<group>"; };
		89E6C4E51D03093F005ACFB9 /* CoreGraphics.framework */ = {isa = PBXFileReference; lastKnownFileType = wrapper.framework; name = CoreGraphics.framework; path = System/Library/Frameworks/CoreGraphics.framework; sourceTree = SDKROOT; };
		89E6C5E21D03F0D3005ACFB9 /* DetailFormulaCell.swift */ = {isa = PBXFileReference; fileEncoding = 4; lastKnownFileType = sourcecode.swift; path = DetailFormulaCell.swift; sourceTree = "<group>"; };
		89E6C5E31D03F0D3005ACFB9 /* DetailFormulaCell.xib */ = {isa = PBXFileReference; fileEncoding = 4; lastKnownFileType = file.xib; path = DetailFormulaCell.xib; sourceTree = "<group>"; };
		89E6C5E51D03F0D3005ACFB9 /* CardFormulaCell.swift */ = {isa = PBXFileReference; fileEncoding = 4; lastKnownFileType = sourcecode.swift; path = CardFormulaCell.swift; sourceTree = "<group>"; };
		89E6C5E61D03F0D3005ACFB9 /* CardFormulaCell.xib */ = {isa = PBXFileReference; fileEncoding = 4; lastKnownFileType = file.xib; path = CardFormulaCell.xib; sourceTree = "<group>"; };
		89E6C5E81D03F0D3005ACFB9 /* ShowDetailCell.swift */ = {isa = PBXFileReference; fileEncoding = 4; lastKnownFileType = sourcecode.swift; path = ShowDetailCell.swift; sourceTree = "<group>"; };
		89E6C5E91D03F0D3005ACFB9 /* ShowDetailCell.xib */ = {isa = PBXFileReference; fileEncoding = 4; lastKnownFileType = file.xib; path = ShowDetailCell.xib; sourceTree = "<group>"; };
		89E6C5EB1D03F0D3005ACFB9 /* NormalFormulaCell.swift */ = {isa = PBXFileReference; fileEncoding = 4; lastKnownFileType = sourcecode.swift; path = NormalFormulaCell.swift; sourceTree = "<group>"; };
		89E6C5EC1D03F0D3005ACFB9 /* NormalFormulaCell.xib */ = {isa = PBXFileReference; fileEncoding = 4; lastKnownFileType = file.xib; path = NormalFormulaCell.xib; sourceTree = "<group>"; };
		89EEDCA01D0201E9007257C3 /* testData.swift */ = {isa = PBXFileReference; fileEncoding = 4; lastKnownFileType = sourcecode.swift; path = testData.swift; sourceTree = "<group>"; };
		89EEDCA61D0297D7007257C3 /* CreatJSON.swift */ = {isa = PBXFileReference; fileEncoding = 4; lastKnownFileType = sourcecode.swift; path = CreatJSON.swift; sourceTree = "<group>"; };
		89EEDCB01D02A3ED007257C3 /* Formulas.json */ = {isa = PBXFileReference; fileEncoding = 4; lastKnownFileType = text.json; path = Formulas.json; sourceTree = "<group>"; };
		89EEDCBB1D02EF6D007257C3 /* Storyboard+Cube.swift */ = {isa = PBXFileReference; fileEncoding = 4; lastKnownFileType = sourcecode.swift; path = "Storyboard+Cube.swift"; sourceTree = "<group>"; };
		89F58F181D01696300361474 /* Lucuber.app */ = {isa = PBXFileReference; explicitFileType = wrapper.application; includeInIndex = 0; path = Lucuber.app; sourceTree = BUILT_PRODUCTS_DIR; };
		89F58F201D01696400361474 /* Base */ = {isa = PBXFileReference; lastKnownFileType = file.storyboard; name = Base; path = Base.lproj/Main.storyboard; sourceTree = "<group>"; };
		89F58F251D01696400361474 /* Base */ = {isa = PBXFileReference; lastKnownFileType = file.storyboard; name = Base; path = Base.lproj/LaunchScreen.storyboard; sourceTree = "<group>"; };
		8B09B9FB863AF6746C304BFA /* Pods-Lucuber.debug.xcconfig */ = {isa = PBXFileReference; includeInIndex = 1; lastKnownFileType = text.xcconfig; name = "Pods-Lucuber.debug.xcconfig"; path = "Pods/Target Support Files/Pods-Lucuber/Pods-Lucuber.debug.xcconfig"; sourceTree = "<group>"; };
/* End PBXFileReference section */

/* Begin PBXFrameworksBuildPhase section */
		89F58F151D01696300361474 /* Frameworks */ = {
			isa = PBXFrameworksBuildPhase;
			buildActionMask = 2147483647;
			files = (
				89E6C4E61D03093F005ACFB9 /* CoreGraphics.framework in Frameworks */,
				B405A77C7F06B60A60D8CC66 /* Pods_Lucuber.framework in Frameworks */,
			);
			runOnlyForDeploymentPostprocessing = 0;
		};
/* End PBXFrameworksBuildPhase section */

/* Begin PBXGroup section */
		52488B029FABEBBBA6286169 /* Pods */ = {
			isa = PBXGroup;
			children = (
				8B09B9FB863AF6746C304BFA /* Pods-Lucuber.debug.xcconfig */,
				139A8A82B76C8BB58031F287 /* Pods-Lucuber.release.xcconfig */,
			);
			name = Pods;
			sourceTree = "<group>";
		};
		731BDC34A68377356835EBC8 /* Frameworks */ = {
			isa = PBXGroup;
			children = (
				89E6C4E51D03093F005ACFB9 /* CoreGraphics.framework */,
				33CEB38D9EC95ACE77CBE30D /* Pods_Lucuber.framework */,
			);
			name = Frameworks;
			sourceTree = "<group>";
		};
		8906AB6C1D241D36007D44D7 /* SearchBar */ = {
			isa = PBXGroup;
			children = (
				8906AB6D1D241D4E007D44D7 /* FormulaSearchBar.swift */,
			);
			path = SearchBar;
			sourceTree = "<group>";
		};
		8906AB701D256627007D44D7 /* TypeMenu */ = {
			isa = PBXGroup;
			children = (
				8906AB711D256641007D44D7 /* TypeMenuViewController.swift */,
				8906AB731D256777007D44D7 /* PopMenuAnimator.swift */,
				8906AB751D256870007D44D7 /* PopMenuPresentationController.swift */,
			);
			path = TypeMenu;
			sourceTree = "<group>";
		};
		892316CD1D23B6C4006BCCE7 /* NoResult */ = {
			isa = PBXGroup;
			children = (
				892316CE1D23B6F1006BCCE7 /* NoResultCell.swift */,
				892316CF1D23B6F1006BCCE7 /* NoResultCell.xib */,
			);
			name = NoResult;
			path = ../NoResult;
			sourceTree = "<group>";
		};
		894E10A91D2DDB7200480D11 /* CubeCategoryItem */ = {
			isa = PBXGroup;
			children = (
				894E10AA1D2DDB8500480D11 /* CubeCategoryItemView.swift */,
			);
			path = CubeCategoryItem;
			sourceTree = "<group>";
		};
		895D10E61D21166A00CEF7FA /* Comment */ = {
			isa = PBXGroup;
			children = (
				895D10E71D2116A000CEF7FA /* CommentFormulaCell.swift */,
				895D10E81D2116A000CEF7FA /* CommentFormulaCell.xib */,
			);
			path = Comment;
			sourceTree = "<group>";
		};
		895D10ED1D21211100CEF7FA /* Models */ = {
			isa = PBXGroup;
			children = (
				895D10F11D21213B00CEF7FA /* Comment */,
				895D10EE1D21211100CEF7FA /* Formula */,
			);
			path = Models;
			sourceTree = "<group>";
		};
		895D10EE1D21211100CEF7FA /* Formula */ = {
			isa = PBXGroup;
			children = (
				895D10EF1D21211100CEF7FA /* Formula.swift */,
			);
			path = Formula;
			sourceTree = "<group>";
		};
		895D10F11D21213B00CEF7FA /* Comment */ = {
			isa = PBXGroup;
			children = (
				895D10F21D21214F00CEF7FA /* FormulaComment.swift */,
			);
			path = Comment;
			sourceTree = "<group>";
		};
		89A17BEA1D2D1B460082B625 /* LayoutButton */ = {
			isa = PBXGroup;
			children = (
				89A17BEB1D2D1B460082B625 /* LayoutButton.swift */,
			);
			path = LayoutButton;
			sourceTree = "<group>";
		};
		89A17BED1D2D1B5F0082B625 /* HeaderView */ = {
			isa = PBXGroup;
			children = (
				89A17BEE1D2D1B5F0082B625 /* HeaderReusableView.swift */,
				89A17BEF1D2D1B5F0082B625 /* HeaderReusableView.xib */,
			);
			path = HeaderView;
			sourceTree = "<group>";
		};
		89A17BF21D2D1B9B0082B625 /* AddFormula */ = {
			isa = PBXGroup;
			children = (
				89A17BF31D2D1B9B0082B625 /* HeaderTableViewCell.swift */,
				894E10A71D2D408A00480D11 /* ChannelTableViewCell.swift */,
				894E10AC1D2DE7B400480D11 /* CategoryPickViewCell.swift */,
				894E10AE1D2E4C8600480D11 /* FormulasTextTableViewCell.swift */,
			);
			path = AddFormula;
			sourceTree = "<group>";
		};
		89A17BF71D2D1BEF0082B625 /* AddFormula */ = {
			isa = PBXGroup;
			children = (
				89A17BFA1D2D1BF80082B625 /* AddFormula.storyboard */,
				89A17BF81D2D1BEF0082B625 /* AddFormulaViewController.swift */,
			);
			path = AddFormula;
			sourceTree = "<group>";
		};
		89BE429E1D01981000E525D4 /* Base.lproj */ = {
			isa = PBXGroup;
			children = (
				89BE429F1D01981000E525D4 /* LaunchScreen.storyboard */,
				89BE42A11D01981000E525D4 /* Main.storyboard */,
			);
			path = Base.lproj;
			sourceTree = "<group>";
		};
		89BE42A31D01981000E525D4 /* Extension */ = {
			isa = PBXGroup;
			children = (
				89BE42A41D01981000E525D4 /* UIColor+Cube.swift */,
				89C2EDBC1D01C38F009365BA /* UIBarButtonItem+Cube.swift */,
				89EEDCBB1D02EF6D007257C3 /* Storyboard+Cube.swift */,
				89E6C4E31D0303F7005ACFB9 /* UIFont+Cube.swift */,
				89E065D71D042FF5000B7D08 /* String+Cube.swift */,
			);
			path = Extension;
			sourceTree = "<group>";
		};
		89C2EDB51D01A37C009365BA /* Helper */ = {
			isa = PBXGroup;
			children = (
				89C2EDB61D01A387009365BA /* Helper.swift */,
				89EEDCA01D0201E9007257C3 /* testData.swift */,
				89EEDCB01D02A3ED007257C3 /* Formulas.json */,
				89EEDCA61D0297D7007257C3 /* CreatJSON.swift */,
				8906AB771D260355007D44D7 /* Animation.swift */,
			);
			path = Helper;
			sourceTree = "<group>";
		};
		89E663601D03F18200E90926 /* ViewControllers */ = {
			isa = PBXGroup;
			children = (
				89E663711D03F18200E90926 /* Main */,
				89E663611D03F18200E90926 /* Formula */,
				89E663741D03F18200E90926 /* Performance */,
				89E663761D03F18200E90926 /* Setting */,
				89E663781D03F18200E90926 /* Timer */,
			);
			path = ViewControllers;
			sourceTree = "<group>";
		};
		89E663611D03F18200E90926 /* Formula */ = {
			isa = PBXGroup;
			children = (
				89A17BF71D2D1BEF0082B625 /* AddFormula */,
				8906AB701D256627007D44D7 /* TypeMenu */,
				89E663661D03F18200E90926 /* Container */,
				89E663621D03F18200E90926 /* BaseController+Layout */,
				89E6636F1D03F18200E90926 /* My */,
				89E6636D1D03F18200E90926 /* Library */,
				89E663681D03F18200E90926 /* Detail */,
				89E6636A1D03F18200E90926 /* FormulaCollectionLayout.swift */,
				89E6636B1D03F18200E90926 /* Layouts */,
			);
			path = Formula;
			sourceTree = "<group>";
		};
		89E663621D03F18200E90926 /* BaseController+Layout */ = {
			isa = PBXGroup;
			children = (
				89E663631D03F18200E90926 /* BaseCollectionViewController.swift */,
				89E663641D03F18200E90926 /* _CardCollectionViewLayout.swift */,
				89E663651D03F18200E90926 /* _NormalCollectionViewLayout.swift */,
			);
			path = "BaseController+Layout";
			sourceTree = "<group>";
		};
		89E663661D03F18200E90926 /* Container */ = {
			isa = PBXGroup;
			children = (
				89E663671D03F18200E90926 /* ContainerViewController.swift */,
			);
			path = Container;
			sourceTree = "<group>";
		};
		89E663681D03F18200E90926 /* Detail */ = {
			isa = PBXGroup;
			children = (
				89E663691D03F18200E90926 /* ShowFormulaDetailController.swift */,
				895D10E41D210E6300CEF7FA /* CommentTableViewController.swift */,
			);
			path = Detail;
			sourceTree = "<group>";
		};
		89E6636B1D03F18200E90926 /* Layouts */ = {
			isa = PBXGroup;
			children = (
				89E6636C1D03F18200E90926 /* ShowFormulaDetailLayout.swift */,
			);
			path = Layouts;
			sourceTree = "<group>";
		};
		89E6636D1D03F18200E90926 /* Library */ = {
			isa = PBXGroup;
			children = (
				89E6636E1D03F18200E90926 /* FormulaLibraryViewController.swift */,
			);
			path = Library;
			sourceTree = "<group>";
		};
		89E6636F1D03F18200E90926 /* My */ = {
			isa = PBXGroup;
			children = (
				89E663701D03F18200E90926 /* MyFormulaViewController.swift */,
			);
			path = My;
			sourceTree = "<group>";
		};
		89E663711D03F18200E90926 /* Main */ = {
			isa = PBXGroup;
			children = (
				89E663721D03F18200E90926 /* MainNavigationController.swift */,
				89E663731D03F18200E90926 /* MainTabbarController.swift */,
			);
			path = Main;
			sourceTree = "<group>";
		};
		89E663741D03F18200E90926 /* Performance */ = {
			isa = PBXGroup;
			children = (
				89E663751D03F18200E90926 /* PerformanceViewController.swift */,
			);
			path = Performance;
			sourceTree = "<group>";
		};
		89E663761D03F18200E90926 /* Setting */ = {
			isa = PBXGroup;
			children = (
				89E663771D03F18200E90926 /* SettingViewController.swift */,
			);
			path = Setting;
			sourceTree = "<group>";
		};
		89E663781D03F18200E90926 /* Timer */ = {
			isa = PBXGroup;
			children = (
				89E663791D03F18200E90926 /* TimerViewController.swift */,
			);
			path = Timer;
			sourceTree = "<group>";
		};
		89E6C5DF1D03F0D3005ACFB9 /* Views */ = {
			isa = PBXGroup;
			children = (
				894E10A91D2DDB7200480D11 /* CubeCategoryItem */,
				89A17BF21D2D1B9B0082B625 /* AddFormula */,
				89A17BEA1D2D1B460082B625 /* LayoutButton */,
				8906AB6C1D241D36007D44D7 /* SearchBar */,
				895D10E61D21166A00CEF7FA /* Comment */,
				89E6C5E01D03F0D3005ACFB9 /* Formula */,
				89E6C5E11D03F0D3005ACFB9 /* Backup */,
			);
			path = Views;
			sourceTree = "<group>";
		};
		89E6C5E01D03F0D3005ACFB9 /* Formula */ = {
			isa = PBXGroup;
			children = (
				89A17BED1D2D1B5F0082B625 /* HeaderView */,
				892316CD1D23B6C4006BCCE7 /* NoResult */,
				89E6C5E41D03F0D3005ACFB9 /* CardCell */,
				89E6C5EA1D03F0D3005ACFB9 /* NomalCell */,
				89E6C5E71D03F0D3005ACFB9 /* DetailCell */,
			);
			path = Formula;
			sourceTree = "<group>";
		};
		89E6C5E11D03F0D3005ACFB9 /* Backup */ = {
			isa = PBXGroup;
			children = (
				89E6C5E21D03F0D3005ACFB9 /* DetailFormulaCell.swift */,
				89E6C5E31D03F0D3005ACFB9 /* DetailFormulaCell.xib */,
			);
			name = Backup;
			path = Formula/Backup;
			sourceTree = "<group>";
		};
		89E6C5E41D03F0D3005ACFB9 /* CardCell */ = {
			isa = PBXGroup;
			children = (
				89E6C5E51D03F0D3005ACFB9 /* CardFormulaCell.swift */,
				89E6C5E61D03F0D3005ACFB9 /* CardFormulaCell.xib */,
			);
			path = CardCell;
			sourceTree = "<group>";
		};
		89E6C5E71D03F0D3005ACFB9 /* DetailCell */ = {
			isa = PBXGroup;
			children = (
				89E6C5E81D03F0D3005ACFB9 /* ShowDetailCell.swift */,
				89E6C5E91D03F0D3005ACFB9 /* ShowDetailCell.xib */,
				89E663941D04099A00E90926 /* SeparatorCell.swift */,
				89E663951D04099A00E90926 /* SeparatorCell.xib */,
				89E6638C1D03FA8700E90926 /* HeaderCell.swift */,
				89E6638D1D03FA8700E90926 /* HeaderCell.xib */,
				89E663901D04039A00E90926 /* MasterCell.swift */,
				89E663911D04039A00E90926 /* MasterCell.xib */,
				89E663881D03F95B00E90926 /* DetailSubCollectionView.swift */,
				89E6638A1D03F96E00E90926 /* DetailSubCollectionViewLayout.swift */,
				89E663981D040C2400E90926 /* FormulaCell.swift */,
				89E663991D040C2400E90926 /* FormulaCell.xib */,
				89B9248A1D05B7AB00BBF003 /* FooterCell.swift */,
				89B9248B1D05B7AB00BBF003 /* FooterCell.xib */,
			);
			path = DetailCell;
			sourceTree = "<group>";
		};
		89E6C5EA1D03F0D3005ACFB9 /* NomalCell */ = {
			isa = PBXGroup;
			children = (
				89E6C5EB1D03F0D3005ACFB9 /* NormalFormulaCell.swift */,
				89E6C5EC1D03F0D3005ACFB9 /* NormalFormulaCell.xib */,
			);
			path = NomalCell;
			sourceTree = "<group>";
		};
		89F58F0F1D01696300361474 = {
			isa = PBXGroup;
			children = (
				89F58F1A1D01696400361474 /* Lucuber */,
				89F58F191D01696300361474 /* Products */,
				52488B029FABEBBBA6286169 /* Pods */,
				731BDC34A68377356835EBC8 /* Frameworks */,
			);
			sourceTree = "<group>";
		};
		89F58F191D01696300361474 /* Products */ = {
			isa = PBXGroup;
			children = (
				89F58F181D01696300361474 /* Lucuber.app */,
			);
			name = Products;
			sourceTree = "<group>";
		};
		89F58F1A1D01696400361474 /* Lucuber */ = {
			isa = PBXGroup;
			children = (
				89C2EDB51D01A37C009365BA /* Helper */,
				89BE42C71D019B4D00E525D4 /* Info.plist */,
				89BE429C1D01981000E525D4 /* AppDelegate.swift */,
				89BE429E1D01981000E525D4 /* Base.lproj */,
				89BE42A31D01981000E525D4 /* Extension */,
				895D10ED1D21211100CEF7FA /* Models */,
				89E6C5DF1D03F0D3005ACFB9 /* Views */,
				89E663601D03F18200E90926 /* ViewControllers */,
				89F58F1F1D01696400361474 /* Main.storyboard */,
				89B9247E1D05572B00BBF003 /* Resgin.storyboard */,
				89B924821D05623000BBF003 /* RegisterPickNameViewController.swift */,
				89B924861D0571A500BBF003 /* CubeUserDefaults.swift */,
				89B924841D05702200BBF003 /* RegisterPickMobileViewController.swift */,
				89B924881D0578D400BBF003 /* BorderTextField.swift */,
				89B924801D055A9000BBF003 /* RegsinViewController.swift */,
				89C2EDB31D01A0E9009365BA /* Assets.xcassets */,
				89F58F241D01696400361474 /* LaunchScreen.storyboard */,
				89BE429B1D01980F00E525D4 /* Lucuber-Bridging-Header.h */,
			);
			path = Lucuber;
			sourceTree = "<group>";
		};
/* End PBXGroup section */

/* Begin PBXNativeTarget section */
		89F58F171D01696300361474 /* Lucuber */ = {
			isa = PBXNativeTarget;
			buildConfigurationList = 89F58F2A1D01696400361474 /* Build configuration list for PBXNativeTarget "Lucuber" */;
			buildPhases = (
				0A384D0153EF6131334A6734 /* Check Pods Manifest.lock */,
				89F58F141D01696300361474 /* Sources */,
				89F58F151D01696300361474 /* Frameworks */,
				89F58F161D01696300361474 /* Resources */,
				752F9DA443F682AF09D73233 /* Embed Pods Frameworks */,
				C1E08FA649D6C4310E97E4BB /* Copy Pods Resources */,
			);
			buildRules = (
			);
			dependencies = (
			);
			name = Lucuber;
			productName = Lucuber;
			productReference = 89F58F181D01696300361474 /* Lucuber.app */;
			productType = "com.apple.product-type.application";
		};
/* End PBXNativeTarget section */

/* Begin PBXProject section */
		89F58F101D01696300361474 /* Project object */ = {
			isa = PBXProject;
			attributes = {
				LastSwiftUpdateCheck = 0730;
				LastUpgradeCheck = 0730;
				ORGANIZATIONNAME = Howard;
				TargetAttributes = {
					89F58F171D01696300361474 = {
						CreatedOnToolsVersion = 7.3;
					};
				};
			};
			buildConfigurationList = 89F58F131D01696300361474 /* Build configuration list for PBXProject "Lucuber" */;
			compatibilityVersion = "Xcode 3.2";
			developmentRegion = English;
			hasScannedForEncodings = 0;
			knownRegions = (
				en,
				Base,
			);
			mainGroup = 89F58F0F1D01696300361474;
			productRefGroup = 89F58F191D01696300361474 /* Products */;
			projectDirPath = "";
			projectRoot = "";
			targets = (
				89F58F171D01696300361474 /* Lucuber */,
			);
		};
/* End PBXProject section */

/* Begin PBXResourcesBuildPhase section */
		89F58F161D01696300361474 /* Resources */ = {
			isa = PBXResourcesBuildPhase;
			buildActionMask = 2147483647;
			files = (
				89F58F261D01696400361474 /* LaunchScreen.storyboard in Resources */,
				89E6C5F41D03F0D3005ACFB9 /* NormalFormulaCell.xib in Resources */,
				89BE42AE1D01981000E525D4 /* Main.storyboard in Resources */,
				892316D11D23B6F1006BCCE7 /* NoResultCell.xib in Resources */,
				89E663931D04039A00E90926 /* MasterCell.xib in Resources */,
				89BE42AD1D01981000E525D4 /* LaunchScreen.storyboard in Resources */,
				89E6C5F21D03F0D3005ACFB9 /* ShowDetailCell.xib in Resources */,
				89E6C5EE1D03F0D3005ACFB9 /* DetailFormulaCell.xib in Resources */,
				89E6C5F01D03F0D3005ACFB9 /* CardFormulaCell.xib in Resources */,
				89EEDCB11D02A3ED007257C3 /* Formulas.json in Resources */,
				89B9247F1D05572B00BBF003 /* Resgin.storyboard in Resources */,
				89C2EDB41D01A0E9009365BA /* Assets.xcassets in Resources */,
				89E663971D04099A00E90926 /* SeparatorCell.xib in Resources */,
				89F58F211D01696400361474 /* Main.storyboard in Resources */,
				895D10EA1D2116A000CEF7FA /* CommentFormulaCell.xib in Resources */,
				89A17BF11D2D1B5F0082B625 /* HeaderReusableView.xib in Resources */,
				89E6639B1D040C2400E90926 /* FormulaCell.xib in Resources */,
				89A17BFB1D2D1BF80082B625 /* AddFormula.storyboard in Resources */,
				89B9248D1D05B7AB00BBF003 /* FooterCell.xib in Resources */,
				89E6638F1D03FA8700E90926 /* HeaderCell.xib in Resources */,
			);
			runOnlyForDeploymentPostprocessing = 0;
		};
/* End PBXResourcesBuildPhase section */

/* Begin PBXShellScriptBuildPhase section */
		0A384D0153EF6131334A6734 /* Check Pods Manifest.lock */ = {
			isa = PBXShellScriptBuildPhase;
			buildActionMask = 2147483647;
			files = (
			);
			inputPaths = (
			);
			name = "Check Pods Manifest.lock";
			outputPaths = (
			);
			runOnlyForDeploymentPostprocessing = 0;
			shellPath = /bin/sh;
			shellScript = "diff \"${PODS_ROOT}/../Podfile.lock\" \"${PODS_ROOT}/Manifest.lock\" > /dev/null\nif [[ $? != 0 ]] ; then\n    cat << EOM\nerror: The sandbox is not in sync with the Podfile.lock. Run 'pod install' or update your CocoaPods installation.\nEOM\n    exit 1\nfi\n";
			showEnvVarsInLog = 0;
		};
		752F9DA443F682AF09D73233 /* Embed Pods Frameworks */ = {
			isa = PBXShellScriptBuildPhase;
			buildActionMask = 2147483647;
			files = (
			);
			inputPaths = (
			);
			name = "Embed Pods Frameworks";
			outputPaths = (
			);
			runOnlyForDeploymentPostprocessing = 0;
			shellPath = /bin/sh;
			shellScript = "\"${SRCROOT}/Pods/Target Support Files/Pods-Lucuber/Pods-Lucuber-frameworks.sh\"\n";
			showEnvVarsInLog = 0;
		};
		C1E08FA649D6C4310E97E4BB /* Copy Pods Resources */ = {
			isa = PBXShellScriptBuildPhase;
			buildActionMask = 2147483647;
			files = (
			);
			inputPaths = (
			);
			name = "Copy Pods Resources";
			outputPaths = (
			);
			runOnlyForDeploymentPostprocessing = 0;
			shellPath = /bin/sh;
			shellScript = "\"${SRCROOT}/Pods/Target Support Files/Pods-Lucuber/Pods-Lucuber-resources.sh\"\n";
			showEnvVarsInLog = 0;
		};
/* End PBXShellScriptBuildPhase section */

/* Begin PBXSourcesBuildPhase section */
		89F58F141D01696300361474 /* Sources */ = {
			isa = PBXSourcesBuildPhase;
			buildActionMask = 2147483647;
			files = (
				8906AB741D256777007D44D7 /* PopMenuAnimator.swift in Sources */,
				89E663891D03F95B00E90926 /* DetailSubCollectionView.swift in Sources */,
				8906AB761D256870007D44D7 /* PopMenuPresentationController.swift in Sources */,
				89E6637F1D03F18200E90926 /* FormulaCollectionLayout.swift in Sources */,
				89E663821D03F18200E90926 /* MyFormulaViewController.swift in Sources */,
				894E10AD1D2DE7B400480D11 /* CategoryPickViewCell.swift in Sources */,
				894E10A81D2D408A00480D11 /* ChannelTableViewCell.swift in Sources */,
				8906AB721D256641007D44D7 /* TypeMenuViewController.swift in Sources */,
				8906AB6E1D241D4E007D44D7 /* FormulaSearchBar.swift in Sources */,
				89E663841D03F18200E90926 /* MainTabbarController.swift in Sources */,
				89A17BF01D2D1B5F0082B625 /* HeaderReusableView.swift in Sources */,
				895D10E91D2116A000CEF7FA /* CommentFormulaCell.swift in Sources */,
				89E6638B1D03F96E00E90926 /* DetailSubCollectionViewLayout.swift in Sources */,
				89E663861D03F18200E90926 /* SettingViewController.swift in Sources */,
				89EEDCBC1D02EF6D007257C3 /* Storyboard+Cube.swift in Sources */,
				895D10F01D21211100CEF7FA /* Formula.swift in Sources */,
				89B924871D0571A500BBF003 /* CubeUserDefaults.swift in Sources */,
				89B924891D0578D400BBF003 /* BorderTextField.swift in Sources */,
				89E6637B1D03F18200E90926 /* _CardCollectionViewLayout.swift in Sources */,
				89B9248C1D05B7AB00BBF003 /* FooterCell.swift in Sources */,
				89E663831D03F18200E90926 /* MainNavigationController.swift in Sources */,
				89E065D81D042FF5000B7D08 /* String+Cube.swift in Sources */,
				89A17BF51D2D1B9B0082B625 /* HeaderTableViewCell.swift in Sources */,
				89E6637C1D03F18200E90926 /* _NormalCollectionViewLayout.swift in Sources */,
				89E663811D03F18200E90926 /* FormulaLibraryViewController.swift in Sources */,
				89EEDCA71D0297D7007257C3 /* CreatJSON.swift in Sources */,
				89E663871D03F18200E90926 /* TimerViewController.swift in Sources */,
				894E10AF1D2E4C8600480D11 /* FormulasTextTableViewCell.swift in Sources */,
				89E6637E1D03F18200E90926 /* ShowFormulaDetailController.swift in Sources */,
				89B924811D055A9000BBF003 /* RegsinViewController.swift in Sources */,
				89E6C5F11D03F0D3005ACFB9 /* ShowDetailCell.swift in Sources */,
				8906AB781D260355007D44D7 /* Animation.swift in Sources */,
				895D10E51D210E6300CEF7FA /* CommentTableViewController.swift in Sources */,
				89E6C5F31D03F0D3005ACFB9 /* NormalFormulaCell.swift in Sources */,
				89A17BF91D2D1BEF0082B625 /* AddFormulaViewController.swift in Sources */,
				89E6638E1D03FA8700E90926 /* HeaderCell.swift in Sources */,
				894E10AB1D2DDB8500480D11 /* CubeCategoryItemView.swift in Sources */,
				89E6C5EF1D03F0D3005ACFB9 /* CardFormulaCell.swift in Sources */,
				89E663921D04039A00E90926 /* MasterCell.swift in Sources */,
				89EEDCA11D0201E9007257C3 /* testData.swift in Sources */,
				89C2EDBD1D01C38F009365BA /* UIBarButtonItem+Cube.swift in Sources */,
				892316D01D23B6F1006BCCE7 /* NoResultCell.swift in Sources */,
				89BE42AF1D01981000E525D4 /* UIColor+Cube.swift in Sources */,
				89E6637D1D03F18200E90926 /* ContainerViewController.swift in Sources */,
				89E6C4E41D0303F7005ACFB9 /* UIFont+Cube.swift in Sources */,
				89E663851D03F18200E90926 /* PerformanceViewController.swift in Sources */,
				89E6C5ED1D03F0D3005ACFB9 /* DetailFormulaCell.swift in Sources */,
				89E663801D03F18200E90926 /* ShowFormulaDetailLayout.swift in Sources */,
				89A17BEC1D2D1B460082B625 /* LayoutButton.swift in Sources */,
				89E6637A1D03F18200E90926 /* BaseCollectionViewController.swift in Sources */,
				89B924831D05623000BBF003 /* RegisterPickNameViewController.swift in Sources */,
				89B924851D05702200BBF003 /* RegisterPickMobileViewController.swift in Sources */,
				89C2EDB71D01A387009365BA /* Helper.swift in Sources */,
				89E6639A1D040C2400E90926 /* FormulaCell.swift in Sources */,
				89BE42AB1D01981000E525D4 /* AppDelegate.swift in Sources */,
				89E663961D04099A00E90926 /* SeparatorCell.swift in Sources */,
				895D10F31D21214F00CEF7FA /* FormulaComment.swift in Sources */,
			);
			runOnlyForDeploymentPostprocessing = 0;
		};
/* End PBXSourcesBuildPhase section */

/* Begin PBXVariantGroup section */
		89BE429F1D01981000E525D4 /* LaunchScreen.storyboard */ = {
			isa = PBXVariantGroup;
			children = (
				89BE42A01D01981000E525D4 /* Base */,
			);
			name = LaunchScreen.storyboard;
			sourceTree = "<group>";
		};
		89BE42A11D01981000E525D4 /* Main.storyboard */ = {
			isa = PBXVariantGroup;
			children = (
				89BE42A21D01981000E525D4 /* Base */,
			);
			name = Main.storyboard;
			sourceTree = "<group>";
		};
		89F58F1F1D01696400361474 /* Main.storyboard */ = {
			isa = PBXVariantGroup;
			children = (
				89F58F201D01696400361474 /* Base */,
			);
			name = Main.storyboard;
			sourceTree = "<group>";
		};
		89F58F241D01696400361474 /* LaunchScreen.storyboard */ = {
			isa = PBXVariantGroup;
			children = (
				89F58F251D01696400361474 /* Base */,
			);
			name = LaunchScreen.storyboard;
			sourceTree = "<group>";
		};
/* End PBXVariantGroup section */

/* Begin XCBuildConfiguration section */
		89F58F281D01696400361474 /* Debug */ = {
			isa = XCBuildConfiguration;
			buildSettings = {
				ALWAYS_SEARCH_USER_PATHS = NO;
				CLANG_ANALYZER_NONNULL = YES;
				CLANG_CXX_LANGUAGE_STANDARD = "gnu++0x";
				CLANG_CXX_LIBRARY = "libc++";
				CLANG_ENABLE_MODULES = YES;
				CLANG_ENABLE_OBJC_ARC = YES;
				CLANG_WARN_BOOL_CONVERSION = YES;
				CLANG_WARN_CONSTANT_CONVERSION = YES;
				CLANG_WARN_DIRECT_OBJC_ISA_USAGE = YES_ERROR;
				CLANG_WARN_EMPTY_BODY = YES;
				CLANG_WARN_ENUM_CONVERSION = YES;
				CLANG_WARN_INT_CONVERSION = YES;
				CLANG_WARN_OBJC_ROOT_CLASS = YES_ERROR;
				CLANG_WARN_UNREACHABLE_CODE = YES;
				CLANG_WARN__DUPLICATE_METHOD_MATCH = YES;
				"CODE_SIGN_IDENTITY[sdk=iphoneos*]" = "iPhone Developer";
				COPY_PHASE_STRIP = NO;
				DEBUG_INFORMATION_FORMAT = dwarf;
				ENABLE_STRICT_OBJC_MSGSEND = YES;
				ENABLE_TESTABILITY = YES;
				GCC_C_LANGUAGE_STANDARD = gnu99;
				GCC_DYNAMIC_NO_PIC = NO;
				GCC_NO_COMMON_BLOCKS = YES;
				GCC_OPTIMIZATION_LEVEL = 0;
				GCC_PREPROCESSOR_DEFINITIONS = (
					"DEBUG=1",
					"$(inherited)",
				);
				GCC_WARN_64_TO_32_BIT_CONVERSION = YES;
				GCC_WARN_ABOUT_RETURN_TYPE = YES_ERROR;
				GCC_WARN_UNDECLARED_SELECTOR = YES;
				GCC_WARN_UNINITIALIZED_AUTOS = YES_AGGRESSIVE;
				GCC_WARN_UNUSED_FUNCTION = YES;
				GCC_WARN_UNUSED_VARIABLE = YES;
				IPHONEOS_DEPLOYMENT_TARGET = 9.3;
				MTL_ENABLE_DEBUG_INFO = YES;
				ONLY_ACTIVE_ARCH = YES;
				SDKROOT = iphoneos;
				SWIFT_OPTIMIZATION_LEVEL = "-Onone";
			};
			name = Debug;
		};
		89F58F291D01696400361474 /* Release */ = {
			isa = XCBuildConfiguration;
			buildSettings = {
				ALWAYS_SEARCH_USER_PATHS = NO;
				CLANG_ANALYZER_NONNULL = YES;
				CLANG_CXX_LANGUAGE_STANDARD = "gnu++0x";
				CLANG_CXX_LIBRARY = "libc++";
				CLANG_ENABLE_MODULES = YES;
				CLANG_ENABLE_OBJC_ARC = YES;
				CLANG_WARN_BOOL_CONVERSION = YES;
				CLANG_WARN_CONSTANT_CONVERSION = YES;
				CLANG_WARN_DIRECT_OBJC_ISA_USAGE = YES_ERROR;
				CLANG_WARN_EMPTY_BODY = YES;
				CLANG_WARN_ENUM_CONVERSION = YES;
				CLANG_WARN_INT_CONVERSION = YES;
				CLANG_WARN_OBJC_ROOT_CLASS = YES_ERROR;
				CLANG_WARN_UNREACHABLE_CODE = YES;
				CLANG_WARN__DUPLICATE_METHOD_MATCH = YES;
				"CODE_SIGN_IDENTITY[sdk=iphoneos*]" = "iPhone Developer";
				COPY_PHASE_STRIP = NO;
				DEBUG_INFORMATION_FORMAT = "dwarf-with-dsym";
				ENABLE_NS_ASSERTIONS = NO;
				ENABLE_STRICT_OBJC_MSGSEND = YES;
				GCC_C_LANGUAGE_STANDARD = gnu99;
				GCC_NO_COMMON_BLOCKS = YES;
				GCC_WARN_64_TO_32_BIT_CONVERSION = YES;
				GCC_WARN_ABOUT_RETURN_TYPE = YES_ERROR;
				GCC_WARN_UNDECLARED_SELECTOR = YES;
				GCC_WARN_UNINITIALIZED_AUTOS = YES_AGGRESSIVE;
				GCC_WARN_UNUSED_FUNCTION = YES;
				GCC_WARN_UNUSED_VARIABLE = YES;
				IPHONEOS_DEPLOYMENT_TARGET = 9.3;
				MTL_ENABLE_DEBUG_INFO = NO;
				SDKROOT = iphoneos;
				VALIDATE_PRODUCT = YES;
			};
			name = Release;
		};
		89F58F2B1D01696400361474 /* Debug */ = {
			isa = XCBuildConfiguration;
			baseConfigurationReference = 8B09B9FB863AF6746C304BFA /* Pods-Lucuber.debug.xcconfig */;
			buildSettings = {
				ASSETCATALOG_COMPILER_APPICON_NAME = AppIcon;
				CLANG_ENABLE_MODULES = YES;
				INFOPLIST_FILE = "$(SRCROOT)/Lucuber/Info.plist";
				IPHONEOS_DEPLOYMENT_TARGET = 9.0;
				LD_RUNPATH_SEARCH_PATHS = "$(inherited) @executable_path/Frameworks";
				PRODUCT_BUNDLE_IDENTIFIER = com.self.Hoooward.Lucuber;
				PRODUCT_NAME = "$(TARGET_NAME)";
				SWIFT_OBJC_BRIDGING_HEADER = "Lucuber/Lucuber-Bridging-Header.h";
				SWIFT_OPTIMIZATION_LEVEL = "-Onone";
			};
			name = Debug;
		};
		89F58F2C1D01696400361474 /* Release */ = {
			isa = XCBuildConfiguration;
			baseConfigurationReference = 139A8A82B76C8BB58031F287 /* Pods-Lucuber.release.xcconfig */;
			buildSettings = {
				ASSETCATALOG_COMPILER_APPICON_NAME = AppIcon;
				CLANG_ENABLE_MODULES = YES;
				INFOPLIST_FILE = "$(SRCROOT)/Lucuber/Info.plist";
				IPHONEOS_DEPLOYMENT_TARGET = 9.0;
				LD_RUNPATH_SEARCH_PATHS = "$(inherited) @executable_path/Frameworks";
				PRODUCT_BUNDLE_IDENTIFIER = com.self.Hoooward.Lucuber;
				PRODUCT_NAME = "$(TARGET_NAME)";
				SWIFT_OBJC_BRIDGING_HEADER = "Lucuber/Lucuber-Bridging-Header.h";
			};
			name = Release;
		};
/* End XCBuildConfiguration section */

/* Begin XCConfigurationList section */
		89F58F131D01696300361474 /* Build configuration list for PBXProject "Lucuber" */ = {
			isa = XCConfigurationList;
			buildConfigurations = (
				89F58F281D01696400361474 /* Debug */,
				89F58F291D01696400361474 /* Release */,
			);
			defaultConfigurationIsVisible = 0;
			defaultConfigurationName = Release;
		};
		89F58F2A1D01696400361474 /* Build configuration list for PBXNativeTarget "Lucuber" */ = {
			isa = XCConfigurationList;
			buildConfigurations = (
				89F58F2B1D01696400361474 /* Debug */,
				89F58F2C1D01696400361474 /* Release */,
			);
			defaultConfigurationIsVisible = 0;
			defaultConfigurationName = Release;
		};
/* End XCConfigurationList section */
	};
	rootObject = 89F58F101D01696300361474 /* Project object */;
}
