// !$*UTF8*$!
{
	archiveVersion = 1;
	classes = {
	};
	objectVersion = 46;
	objects = {

/* Begin PBXBuildFile section */
		AEDADC652FF4F04010934AF3 /* Pods_Lucuber.framework in Frameworks */ = {isa = PBXBuildFile; fileRef = 5DFFBE25D11B7149AEDB1BCC /* Pods_Lucuber.framework */; };
		E406A43D1D9A99F400B4BD0A /* UIImage+Cube.swift in Sources */ = {isa = PBXBuildFile; fileRef = E406A43C1D9A99F400B4BD0A /* UIImage+Cube.swift */; };
		E4207A2B1D93CA7F003CF073 /* Animation.swift in Sources */ = {isa = PBXBuildFile; fileRef = E4207A2A1D93CA7F003CF073 /* Animation.swift */; };
		E4207A2E1D93D8AB003CF073 /* CubeHUD.swift in Sources */ = {isa = PBXBuildFile; fileRef = E4207A2D1D93D8AB003CF073 /* CubeHUD.swift */; };
		E4207A311D93D8C0003CF073 /* CubeAlert.swift in Sources */ = {isa = PBXBuildFile; fileRef = E4207A301D93D8C0003CF073 /* CubeAlert.swift */; };
		E4207A331D93E1CB003CF073 /* UIViewController+Cube.swift in Sources */ = {isa = PBXBuildFile; fileRef = E4207A321D93E1CB003CF073 /* UIViewController+Cube.swift */; };
		E4217F1F1D962BF500E575AB /* CategoryMenuAnimator.swift in Sources */ = {isa = PBXBuildFile; fileRef = E4217F1E1D962BF500E575AB /* CategoryMenuAnimator.swift */; };
		E4217F211D962C1B00E575AB /* CatogoryMenuPresentationController.swift in Sources */ = {isa = PBXBuildFile; fileRef = E4217F201D962C1B00E575AB /* CatogoryMenuPresentationController.swift */; };
		E4217F241D962C4B00E575AB /* CategoryMenuController.swift in Sources */ = {isa = PBXBuildFile; fileRef = E4217F231D962C4B00E575AB /* CategoryMenuController.swift */; };
		E4217F271D962EFF00E575AB /* CateogryMenuCell.swift in Sources */ = {isa = PBXBuildFile; fileRef = E4217F261D962EFF00E575AB /* CateogryMenuCell.swift */; };
		E4217F2A1D96655100E575AB /* NewFormula.storyboard in Resources */ = {isa = PBXBuildFile; fileRef = E4217F291D96655100E575AB /* NewFormula.storyboard */; };
		E435C0181D9E9D1A0026FA08 /* MyFormulaVisitorView.swift in Sources */ = {isa = PBXBuildFile; fileRef = E435C0171D9E9D1A0026FA08 /* MyFormulaVisitorView.swift */; };
		E435C0201D9EA21D0026FA08 /* BorderButton.swift in Sources */ = {isa = PBXBuildFile; fileRef = E435C01B1D9EA21D0026FA08 /* BorderButton.swift */; };
		E435C0211D9EA21D0026FA08 /* BorderTextField.swift in Sources */ = {isa = PBXBuildFile; fileRef = E435C01D1D9EA21D0026FA08 /* BorderTextField.swift */; };
		E435C0221D9EA21D0026FA08 /* CameraPreviewView.swift in Sources */ = {isa = PBXBuildFile; fileRef = E435C01F1D9EA21D0026FA08 /* CameraPreviewView.swift */; };
		E435C0251D9EA4020026FA08 /* FormulaDetail.storyboard in Resources */ = {isa = PBXBuildFile; fileRef = E435C0241D9EA4020026FA08 /* FormulaDetail.storyboard */; };
		E435C0271D9EA41D0026FA08 /* FormulaDetailViewController.swift in Sources */ = {isa = PBXBuildFile; fileRef = E435C0261D9EA41D0026FA08 /* FormulaDetailViewController.swift */; };
		E435C0291D9EA4FC0026FA08 /* DetailLayout.swift in Sources */ = {isa = PBXBuildFile; fileRef = E435C0281D9EA4FC0026FA08 /* DetailLayout.swift */; };
		E435C02C1D9EAA250026FA08 /* ActionSheetView.swift in Sources */ = {isa = PBXBuildFile; fileRef = E435C02B1D9EAA250026FA08 /* ActionSheetView.swift */; };
		E435C03F1D9F4A370026FA08 /* DetailCommentCell.swift in Sources */ = {isa = PBXBuildFile; fileRef = E435C02F1D9F4A370026FA08 /* DetailCommentCell.swift */; };
		E435C0401D9F4A370026FA08 /* DetailCommentCell.xib in Resources */ = {isa = PBXBuildFile; fileRef = E435C0301D9F4A370026FA08 /* DetailCommentCell.xib */; };
		E435C0411D9F4A370026FA08 /* DetailCollectionViewCell.swift in Sources */ = {isa = PBXBuildFile; fileRef = E435C0321D9F4A370026FA08 /* DetailCollectionViewCell.swift */; };
		E435C0421D9F4A370026FA08 /* DetailCollectionViewCell.xib in Resources */ = {isa = PBXBuildFile; fileRef = E435C0331D9F4A370026FA08 /* DetailCollectionViewCell.xib */; };
		E435C0431D9F4A370026FA08 /* DetailFormulasCell.swift in Sources */ = {isa = PBXBuildFile; fileRef = E435C0351D9F4A370026FA08 /* DetailFormulasCell.swift */; };
		E435C0441D9F4A370026FA08 /* DetailFormulasCell.xib in Resources */ = {isa = PBXBuildFile; fileRef = E435C0361D9F4A370026FA08 /* DetailFormulasCell.xib */; };
		E435C0451D9F4A370026FA08 /* DetailHeaderView.swift in Sources */ = {isa = PBXBuildFile; fileRef = E435C0381D9F4A370026FA08 /* DetailHeaderView.swift */; };
		E435C0461D9F4A370026FA08 /* DetailMasterCell.swift in Sources */ = {isa = PBXBuildFile; fileRef = E435C03A1D9F4A370026FA08 /* DetailMasterCell.swift */; };
		E435C0471D9F4A370026FA08 /* DetailMasterCell.xib in Resources */ = {isa = PBXBuildFile; fileRef = E435C03B1D9F4A370026FA08 /* DetailMasterCell.xib */; };
		E435C0481D9F4A370026FA08 /* DetailSeparatorCell.swift in Sources */ = {isa = PBXBuildFile; fileRef = E435C03D1D9F4A370026FA08 /* DetailSeparatorCell.swift */; };
		E435C0491D9F4A370026FA08 /* DetailSeparatorCell.xib in Resources */ = {isa = PBXBuildFile; fileRef = E435C03E1D9F4A370026FA08 /* DetailSeparatorCell.xib */; };
		E466068C1D8E3533002306D0 /* Helper.swift in Sources */ = {isa = PBXBuildFile; fileRef = E466068B1D8E3533002306D0 /* Helper.swift */; };
		E47298251D91184100FBBFBF /* UserDefaults.swift in Sources */ = {isa = PBXBuildFile; fileRef = E47298241D91184100FBBFBF /* UserDefaults.swift */; };
		E479261A1D967E32004D58BF /* NewFormulaViewController.swift in Sources */ = {isa = PBXBuildFile; fileRef = E47926191D967E32004D58BF /* NewFormulaViewController.swift */; };
		E479261E1D968166004D58BF /* InputAccessoryView.swift in Sources */ = {isa = PBXBuildFile; fileRef = E479261D1D968166004D58BF /* InputAccessoryView.swift */; };
		E47926211D96820B004D58BF /* RotationButton.swift in Sources */ = {isa = PBXBuildFile; fileRef = E47926201D96820B004D58BF /* RotationButton.swift */; };
		E47926241D968C74004D58BF /* KeyButton.swift in Sources */ = {isa = PBXBuildFile; fileRef = E47926231D968C74004D58BF /* KeyButton.swift */; };
		E47926261D968CDB004D58BF /* Keyboard.swift in Sources */ = {isa = PBXBuildFile; fileRef = E47926251D968CDB004D58BF /* Keyboard.swift */; };
		E479262B1D96906C004D58BF /* FormulaInputViewController.swift in Sources */ = {isa = PBXBuildFile; fileRef = E479262A1D96906C004D58BF /* FormulaInputViewController.swift */; };
		E479262E1D96D0B7004D58BF /* NewFormulaHeadView.swift in Sources */ = {isa = PBXBuildFile; fileRef = E479262D1D96D0B7004D58BF /* NewFormulaHeadView.swift */; };
		E47926311D96D27A004D58BF /* CategoryIndicatorView.swift in Sources */ = {isa = PBXBuildFile; fileRef = E47926301D96D27A004D58BF /* CategoryIndicatorView.swift */; };
		E479264A1D96DC5F004D58BF /* CategoryPickViewCell.swift in Sources */ = {isa = PBXBuildFile; fileRef = E47926341D96DC5F004D58BF /* CategoryPickViewCell.swift */; };
		E479264B1D96DC5F004D58BF /* CategoryPickViewCell.xib in Resources */ = {isa = PBXBuildFile; fileRef = E47926351D96DC5F004D58BF /* CategoryPickViewCell.xib */; };
		E479264C1D96DC5F004D58BF /* CategorySeletedCell.swift in Sources */ = {isa = PBXBuildFile; fileRef = E47926361D96DC5F004D58BF /* CategorySeletedCell.swift */; };
		E479264D1D96DC5F004D58BF /* CategorySeletedCell.xib in Resources */ = {isa = PBXBuildFile; fileRef = E47926371D96DC5F004D58BF /* CategorySeletedCell.xib */; };
		E479264E1D96DC5F004D58BF /* FormulaTextViewCell.swift in Sources */ = {isa = PBXBuildFile; fileRef = E47926391D96DC5F004D58BF /* FormulaTextViewCell.swift */; };
		E479264F1D96DC5F004D58BF /* FormulaTextViewCell.xib in Resources */ = {isa = PBXBuildFile; fileRef = E479263A1D96DC5F004D58BF /* FormulaTextViewCell.xib */; };
		E47926501D96DC5F004D58BF /* FormulaNameTextField.swift in Sources */ = {isa = PBXBuildFile; fileRef = E479263C1D96DC5F004D58BF /* FormulaNameTextField.swift */; };
		E47926511D96DC5F004D58BF /* NameTextViewCell.swift in Sources */ = {isa = PBXBuildFile; fileRef = E479263D1D96DC5F004D58BF /* NameTextViewCell.swift */; };
		E47926521D96DC5F004D58BF /* NameTextViewCell.xib in Resources */ = {isa = PBXBuildFile; fileRef = E479263E1D96DC5F004D58BF /* NameTextViewCell.xib */; };
		E47926531D96DC5F004D58BF /* NewFormulaTextCell.swift in Sources */ = {isa = PBXBuildFile; fileRef = E47926401D96DC5F004D58BF /* NewFormulaTextCell.swift */; };
		E47926541D96DC5F004D58BF /* NewFormulaTextCell.xib in Resources */ = {isa = PBXBuildFile; fileRef = E47926411D96DC5F004D58BF /* NewFormulaTextCell.xib */; };
		E47926551D96DC5F004D58BF /* StarRatingCell.swift in Sources */ = {isa = PBXBuildFile; fileRef = E47926431D96DC5F004D58BF /* StarRatingCell.swift */; };
		E47926561D96DC5F004D58BF /* StarRatingCell.xib in Resources */ = {isa = PBXBuildFile; fileRef = E47926441D96DC5F004D58BF /* StarRatingCell.xib */; };
		E47926571D96DC5F004D58BF /* TypePickViewCell.swift in Sources */ = {isa = PBXBuildFile; fileRef = E47926461D96DC5F004D58BF /* TypePickViewCell.swift */; };
		E47926581D96DC5F004D58BF /* TypePickViewCell.xib in Resources */ = {isa = PBXBuildFile; fileRef = E47926471D96DC5F004D58BF /* TypePickViewCell.xib */; };
		E47926591D96DC5F004D58BF /* TypeSelectedCell.swift in Sources */ = {isa = PBXBuildFile; fileRef = E47926481D96DC5F004D58BF /* TypeSelectedCell.swift */; };
		E479265A1D96DC5F004D58BF /* TypeSelectedCell.xib in Resources */ = {isa = PBXBuildFile; fileRef = E47926491D96DC5F004D58BF /* TypeSelectedCell.xib */; };
		E479265D1D96DD44004D58BF /* CateogyItemView.swift in Sources */ = {isa = PBXBuildFile; fileRef = E479265C1D96DD44004D58BF /* CateogyItemView.swift */; };
		E47926611D96E005004D58BF /* CubeCategory.plist in Resources */ = {isa = PBXBuildFile; fileRef = E479265E1D96E005004D58BF /* CubeCategory.plist */; };
		E47926621D96E005004D58BF /* CubeType.plist in Resources */ = {isa = PBXBuildFile; fileRef = E479265F1D96E005004D58BF /* CubeType.plist */; };
		E47926631D96E005004D58BF /* FormulaKeyboard.plist in Resources */ = {isa = PBXBuildFile; fileRef = E47926601D96E005004D58BF /* FormulaKeyboard.plist */; };
		E47926681D96E06F004D58BF /* FormulaTextView.swift in Sources */ = {isa = PBXBuildFile; fileRef = E47926671D96E06F004D58BF /* FormulaTextView.swift */; };
		E47926751D96EB85004D58BF /* NewSectionHeaderView.swift in Sources */ = {isa = PBXBuildFile; fileRef = E47926731D96EB85004D58BF /* NewSectionHeaderView.swift */; };
		E47926761D96EB85004D58BF /* NewSectionHeaderView.xib in Resources */ = {isa = PBXBuildFile; fileRef = E47926741D96EB85004D58BF /* NewSectionHeaderView.xib */; };
		E48A74A41D992251006151F4 /* Resgin.storyboard in Resources */ = {isa = PBXBuildFile; fileRef = E48A74A31D992251006151F4 /* Resgin.storyboard */; };
		E497E9FD1D9A04DC00BB9A2D /* NavigationTitleLabel.swift in Sources */ = {isa = PBXBuildFile; fileRef = E497E9FC1D9A04DC00BB9A2D /* NavigationTitleLabel.swift */; };
		E4AF556E1D97BD3B0053B9CE /* NewFormulaBUtton.swift in Sources */ = {isa = PBXBuildFile; fileRef = E4AF556D1D97BD3B0053B9CE /* NewFormulaBUtton.swift */; };
		E4B09B9C1D8E38A00090671F /* CategoryButton.swift in Sources */ = {isa = PBXBuildFile; fileRef = E4B09B9B1D8E38A00090671F /* CategoryButton.swift */; };
		E4B09B9F1D8E38D10090671F /* Formula.swift in Sources */ = {isa = PBXBuildFile; fileRef = E4B09B9E1D8E38D10090671F /* Formula.swift */; };
		E4B09BA11D8E3C590090671F /* UIView+Cube.swift in Sources */ = {isa = PBXBuildFile; fileRef = E4B09BA01D8E3C590090671F /* UIView+Cube.swift */; };
		E4B09BA31D8E3D340090671F /* Config.swift in Sources */ = {isa = PBXBuildFile; fileRef = E4B09BA21D8E3D340090671F /* Config.swift */; };
		E4B09BA61D8E65510090671F /* TopControl.swift in Sources */ = {isa = PBXBuildFile; fileRef = E4B09BA51D8E65510090671F /* TopControl.swift */; };
		E4B09BA81D8EB52A0090671F /* BaseCollectionViewController.swift in Sources */ = {isa = PBXBuildFile; fileRef = E4B09BA71D8EB52A0090671F /* BaseCollectionViewController.swift */; };
		E4B09BAA1D8EB5790090671F /* MyFormulaViewController.swift in Sources */ = {isa = PBXBuildFile; fileRef = E4B09BA91D8EB5790090671F /* MyFormulaViewController.swift */; };
		E4B09BAC1D8EB58D0090671F /* LibraryFormulaViewController.swift in Sources */ = {isa = PBXBuildFile; fileRef = E4B09BAB1D8EB58D0090671F /* LibraryFormulaViewController.swift */; };
		E4B09BAE1D8EB5AE0090671F /* BaseFormulaLayout.swift in Sources */ = {isa = PBXBuildFile; fileRef = E4B09BAD1D8EB5AE0090671F /* BaseFormulaLayout.swift */; };
		E4B09BB11D8FA3E20090671F /* FormulaSearchBar.swift in Sources */ = {isa = PBXBuildFile; fileRef = E4B09BB01D8FA3E20090671F /* FormulaSearchBar.swift */; };
		E4B09BB41D8FA5890090671F /* CubeService.swift in Sources */ = {isa = PBXBuildFile; fileRef = E4B09BB31D8FA5890090671F /* CubeService.swift */; };
		E4D536BC1D8DB0A1008A426A /* LayoutButton.swift in Sources */ = {isa = PBXBuildFile; fileRef = E4D536BB1D8DB0A1008A426A /* LayoutButton.swift */; };
		E4DF65E61D8D92D6005CE518 /* Formula.storyboard in Resources */ = {isa = PBXBuildFile; fileRef = E4DF65E41D8D92D6005CE518 /* Formula.storyboard */; };
		E4DF65EB1D8D9353005CE518 /* Feed.storyboard in Resources */ = {isa = PBXBuildFile; fileRef = E4DF65E91D8D9353005CE518 /* Feed.storyboard */; };
		E4DF65F01D8D93A8005CE518 /* Setting.storyboard in Resources */ = {isa = PBXBuildFile; fileRef = E4DF65EE1D8D93A8005CE518 /* Setting.storyboard */; };
		E4DF65FD1D8D94B1005CE518 /* MainNavigationController.swift in Sources */ = {isa = PBXBuildFile; fileRef = E4DF65F61D8D94B1005CE518 /* MainNavigationController.swift */; };
		E4DF65FE1D8D94B1005CE518 /* MainTabbarController.swift in Sources */ = {isa = PBXBuildFile; fileRef = E4DF65FA1D8D94B1005CE518 /* MainTabbarController.swift */; };
		E4DF66011D8D961F005CE518 /* Result.storyboard in Resources */ = {isa = PBXBuildFile; fileRef = E4DF65FF1D8D961F005CE518 /* Result.storyboard */; };
		E4DF66041D8D9633005CE518 /* Timer.storyboard in Resources */ = {isa = PBXBuildFile; fileRef = E4DF66021D8D9633005CE518 /* Timer.storyboard */; };
		E4DF66081D8D9738005CE518 /* UIColor+Cube.swift in Sources */ = {isa = PBXBuildFile; fileRef = E4DF66061D8D9738005CE518 /* UIColor+Cube.swift */; };
		E4DF66091D8D9738005CE518 /* UIFont+Cube.swift in Sources */ = {isa = PBXBuildFile; fileRef = E4DF66071D8D9738005CE518 /* UIFont+Cube.swift */; };
		E4DF660B1D8D9B03005CE518 /* FormulaViewController.swift in Sources */ = {isa = PBXBuildFile; fileRef = E4DF660A1D8D9B03005CE518 /* FormulaViewController.swift */; };
		E4DF660D1D8D9D1B005CE518 /* UINavigationController+Cube.swift in Sources */ = {isa = PBXBuildFile; fileRef = E4DF660C1D8D9D1B005CE518 /* UINavigationController+Cube.swift */; };
		E4DF660F1D8DA04E005CE518 /* UIStoryboard+Cube.swift in Sources */ = {isa = PBXBuildFile; fileRef = E4DF660E1D8DA04E005CE518 /* UIStoryboard+Cube.swift */; };
		E4E021F01D9019AA00DED99A /* CardFormulaCell.swift in Sources */ = {isa = PBXBuildFile; fileRef = E4E021E81D9019AA00DED99A /* CardFormulaCell.swift */; };
		E4E021F11D9019AA00DED99A /* CardFormulaCell.xib in Resources */ = {isa = PBXBuildFile; fileRef = E4E021E91D9019AA00DED99A /* CardFormulaCell.xib */; };
		E4E021F21D9019AA00DED99A /* HeaderReusableView.swift in Sources */ = {isa = PBXBuildFile; fileRef = E4E021EB1D9019AA00DED99A /* HeaderReusableView.swift */; };
		E4E021F31D9019AA00DED99A /* HeaderReusableView.xib in Resources */ = {isa = PBXBuildFile; fileRef = E4E021EC1D9019AA00DED99A /* HeaderReusableView.xib */; };
		E4E021F41D9019AA00DED99A /* NormalFormulaCell.swift in Sources */ = {isa = PBXBuildFile; fileRef = E4E021EE1D9019AA00DED99A /* NormalFormulaCell.swift */; };
		E4E021F51D9019AA00DED99A /* NormalFormulaCell.xib in Resources */ = {isa = PBXBuildFile; fileRef = E4E021EF1D9019AA00DED99A /* NormalFormulaCell.xib */; };
		E4E021F81D901A4800DED99A /* StarRatingView.swift in Sources */ = {isa = PBXBuildFile; fileRef = E4E021F71D901A4800DED99A /* StarRatingView.swift */; };
		E4E021FA1D9023C700DED99A /* String+Cube.swift in Sources */ = {isa = PBXBuildFile; fileRef = E4E021F91D9023C700DED99A /* String+Cube.swift */; };
		E4E021FE1D90454A00DED99A /* NoResultCell.swift in Sources */ = {isa = PBXBuildFile; fileRef = E4E021FC1D90454A00DED99A /* NoResultCell.swift */; };
		E4E021FF1D90454A00DED99A /* NoResultCell.xib in Resources */ = {isa = PBXBuildFile; fileRef = E4E021FD1D90454A00DED99A /* NoResultCell.xib */; };
		E4F9F11A1D991E040076C57C /* RegisterCodeViewController.swift in Sources */ = {isa = PBXBuildFile; fileRef = E4F9F1101D991E040076C57C /* RegisterCodeViewController.swift */; };
		E4F9F11B1D991E040076C57C /* RegisterPickAvatarViewController.swift in Sources */ = {isa = PBXBuildFile; fileRef = E4F9F1111D991E040076C57C /* RegisterPickAvatarViewController.swift */; };
		E4F9F11C1D991E040076C57C /* RegisterPickMobileViewController.swift in Sources */ = {isa = PBXBuildFile; fileRef = E4F9F1121D991E040076C57C /* RegisterPickMobileViewController.swift */; };
		E4F9F11D1D991E040076C57C /* RegisterPickNameViewController.swift in Sources */ = {isa = PBXBuildFile; fileRef = E4F9F1131D991E040076C57C /* RegisterPickNameViewController.swift */; };
		E4F9F1201D991E040076C57C /* RegisterMainViewController.swift in Sources */ = {isa = PBXBuildFile; fileRef = E4F9F1161D991E040076C57C /* RegisterMainViewController.swift */; };
		E4FF41C91D91605000B64C46 /* Realm.swift in Sources */ = {isa = PBXBuildFile; fileRef = E4FF41C81D91605000B64C46 /* Realm.swift */; };
		E4FF41CB1D9161BF00B64C46 /* AVUser+Cube.swift in Sources */ = {isa = PBXBuildFile; fileRef = E4FF41CA1D9161BF00B64C46 /* AVUser+Cube.swift */; };
		E4FFAA9A1D8D29DE0039BA8A /* AppDelegate.swift in Sources */ = {isa = PBXBuildFile; fileRef = E4FFAA921D8D29DE0039BA8A /* AppDelegate.swift */; };
		E4FFAA9B1D8D29DE0039BA8A /* Assets.xcassets in Resources */ = {isa = PBXBuildFile; fileRef = E4FFAA931D8D29DE0039BA8A /* Assets.xcassets */; };
		E4FFAA9C1D8D29DE0039BA8A /* LaunchScreen.storyboard in Resources */ = {isa = PBXBuildFile; fileRef = E4FFAA941D8D29DE0039BA8A /* LaunchScreen.storyboard */; };
		E4FFAA9D1D8D29DE0039BA8A /* Main.storyboard in Resources */ = {isa = PBXBuildFile; fileRef = E4FFAA961D8D29DE0039BA8A /* Main.storyboard */; };
/* End PBXBuildFile section */

/* Begin PBXFileReference section */
		5DFFBE25D11B7149AEDB1BCC /* Pods_Lucuber.framework */ = {isa = PBXFileReference; explicitFileType = wrapper.framework; includeInIndex = 0; path = Pods_Lucuber.framework; sourceTree = BUILT_PRODUCTS_DIR; };
		87A4499BD0E073A452EB2B00 /* Pods-Lucuber.debug.xcconfig */ = {isa = PBXFileReference; includeInIndex = 1; lastKnownFileType = text.xcconfig; name = "Pods-Lucuber.debug.xcconfig"; path = "Pods/Target Support Files/Pods-Lucuber/Pods-Lucuber.debug.xcconfig"; sourceTree = "<group>"; };
		98D2FFE53F9A0660ECC95B86 /* Pods-Lucuber.release.xcconfig */ = {isa = PBXFileReference; includeInIndex = 1; lastKnownFileType = text.xcconfig; name = "Pods-Lucuber.release.xcconfig"; path = "Pods/Target Support Files/Pods-Lucuber/Pods-Lucuber.release.xcconfig"; sourceTree = "<group>"; };
		E406A43C1D9A99F400B4BD0A /* UIImage+Cube.swift */ = {isa = PBXFileReference; fileEncoding = 4; lastKnownFileType = sourcecode.swift; path = "UIImage+Cube.swift"; sourceTree = "<group>"; };
		E4207A2A1D93CA7F003CF073 /* Animation.swift */ = {isa = PBXFileReference; fileEncoding = 4; lastKnownFileType = sourcecode.swift; path = Animation.swift; sourceTree = "<group>"; };
		E4207A2D1D93D8AB003CF073 /* CubeHUD.swift */ = {isa = PBXFileReference; fileEncoding = 4; lastKnownFileType = sourcecode.swift; path = CubeHUD.swift; sourceTree = "<group>"; };
		E4207A301D93D8C0003CF073 /* CubeAlert.swift */ = {isa = PBXFileReference; fileEncoding = 4; lastKnownFileType = sourcecode.swift; path = CubeAlert.swift; sourceTree = "<group>"; };
		E4207A321D93E1CB003CF073 /* UIViewController+Cube.swift */ = {isa = PBXFileReference; fileEncoding = 4; lastKnownFileType = sourcecode.swift; path = "UIViewController+Cube.swift"; sourceTree = "<group>"; };
		E4217F1E1D962BF500E575AB /* CategoryMenuAnimator.swift */ = {isa = PBXFileReference; fileEncoding = 4; lastKnownFileType = sourcecode.swift; path = CategoryMenuAnimator.swift; sourceTree = "<group>"; };
		E4217F201D962C1B00E575AB /* CatogoryMenuPresentationController.swift */ = {isa = PBXFileReference; fileEncoding = 4; lastKnownFileType = sourcecode.swift; path = CatogoryMenuPresentationController.swift; sourceTree = "<group>"; };
		E4217F231D962C4B00E575AB /* CategoryMenuController.swift */ = {isa = PBXFileReference; fileEncoding = 4; lastKnownFileType = sourcecode.swift; path = CategoryMenuController.swift; sourceTree = "<group>"; };
		E4217F261D962EFF00E575AB /* CateogryMenuCell.swift */ = {isa = PBXFileReference; fileEncoding = 4; lastKnownFileType = sourcecode.swift; path = CateogryMenuCell.swift; sourceTree = "<group>"; };
		E4217F291D96655100E575AB /* NewFormula.storyboard */ = {isa = PBXFileReference; fileEncoding = 4; lastKnownFileType = file.storyboard; path = NewFormula.storyboard; sourceTree = "<group>"; };
		E435C0171D9E9D1A0026FA08 /* MyFormulaVisitorView.swift */ = {isa = PBXFileReference; fileEncoding = 4; lastKnownFileType = sourcecode.swift; path = MyFormulaVisitorView.swift; sourceTree = "<group>"; };
		E435C01B1D9EA21D0026FA08 /* BorderButton.swift */ = {isa = PBXFileReference; fileEncoding = 4; lastKnownFileType = sourcecode.swift; path = BorderButton.swift; sourceTree = "<group>"; };
		E435C01D1D9EA21D0026FA08 /* BorderTextField.swift */ = {isa = PBXFileReference; fileEncoding = 4; lastKnownFileType = sourcecode.swift; path = BorderTextField.swift; sourceTree = "<group>"; };
		E435C01F1D9EA21D0026FA08 /* CameraPreviewView.swift */ = {isa = PBXFileReference; fileEncoding = 4; lastKnownFileType = sourcecode.swift; path = CameraPreviewView.swift; sourceTree = "<group>"; };
		E435C0241D9EA4020026FA08 /* FormulaDetail.storyboard */ = {isa = PBXFileReference; fileEncoding = 4; lastKnownFileType = file.storyboard; path = FormulaDetail.storyboard; sourceTree = "<group>"; };
		E435C0261D9EA41D0026FA08 /* FormulaDetailViewController.swift */ = {isa = PBXFileReference; fileEncoding = 4; lastKnownFileType = sourcecode.swift; path = FormulaDetailViewController.swift; sourceTree = "<group>"; };
		E435C0281D9EA4FC0026FA08 /* DetailLayout.swift */ = {isa = PBXFileReference; fileEncoding = 4; lastKnownFileType = sourcecode.swift; path = DetailLayout.swift; sourceTree = "<group>"; };
		E435C02B1D9EAA250026FA08 /* ActionSheetView.swift */ = {isa = PBXFileReference; fileEncoding = 4; lastKnownFileType = sourcecode.swift; path = ActionSheetView.swift; sourceTree = "<group>"; };
		E435C02F1D9F4A370026FA08 /* DetailCommentCell.swift */ = {isa = PBXFileReference; fileEncoding = 4; lastKnownFileType = sourcecode.swift; path = DetailCommentCell.swift; sourceTree = "<group>"; };
		E435C0301D9F4A370026FA08 /* DetailCommentCell.xib */ = {isa = PBXFileReference; fileEncoding = 4; lastKnownFileType = file.xib; path = DetailCommentCell.xib; sourceTree = "<group>"; };
		E435C0321D9F4A370026FA08 /* DetailCollectionViewCell.swift */ = {isa = PBXFileReference; fileEncoding = 4; lastKnownFileType = sourcecode.swift; path = DetailCollectionViewCell.swift; sourceTree = "<group>"; };
		E435C0331D9F4A370026FA08 /* DetailCollectionViewCell.xib */ = {isa = PBXFileReference; fileEncoding = 4; lastKnownFileType = file.xib; path = DetailCollectionViewCell.xib; sourceTree = "<group>"; };
		E435C0351D9F4A370026FA08 /* DetailFormulasCell.swift */ = {isa = PBXFileReference; fileEncoding = 4; lastKnownFileType = sourcecode.swift; path = DetailFormulasCell.swift; sourceTree = "<group>"; };
		E435C0361D9F4A370026FA08 /* DetailFormulasCell.xib */ = {isa = PBXFileReference; fileEncoding = 4; lastKnownFileType = file.xib; path = DetailFormulasCell.xib; sourceTree = "<group>"; };
		E435C0381D9F4A370026FA08 /* DetailHeaderView.swift */ = {isa = PBXFileReference; fileEncoding = 4; lastKnownFileType = sourcecode.swift; path = DetailHeaderView.swift; sourceTree = "<group>"; };
		E435C03A1D9F4A370026FA08 /* DetailMasterCell.swift */ = {isa = PBXFileReference; fileEncoding = 4; lastKnownFileType = sourcecode.swift; path = DetailMasterCell.swift; sourceTree = "<group>"; };
		E435C03B1D9F4A370026FA08 /* DetailMasterCell.xib */ = {isa = PBXFileReference; fileEncoding = 4; lastKnownFileType = file.xib; path = DetailMasterCell.xib; sourceTree = "<group>"; };
		E435C03D1D9F4A370026FA08 /* DetailSeparatorCell.swift */ = {isa = PBXFileReference; fileEncoding = 4; lastKnownFileType = sourcecode.swift; path = DetailSeparatorCell.swift; sourceTree = "<group>"; };
		E435C03E1D9F4A370026FA08 /* DetailSeparatorCell.xib */ = {isa = PBXFileReference; fileEncoding = 4; lastKnownFileType = file.xib; path = DetailSeparatorCell.xib; sourceTree = "<group>"; };
		E466068B1D8E3533002306D0 /* Helper.swift */ = {isa = PBXFileReference; fileEncoding = 4; lastKnownFileType = sourcecode.swift; path = Helper.swift; sourceTree = "<group>"; };
		E47298241D91184100FBBFBF /* UserDefaults.swift */ = {isa = PBXFileReference; fileEncoding = 4; lastKnownFileType = sourcecode.swift; path = UserDefaults.swift; sourceTree = "<group>"; };
		E47926191D967E32004D58BF /* NewFormulaViewController.swift */ = {isa = PBXFileReference; fileEncoding = 4; lastKnownFileType = sourcecode.swift; path = NewFormulaViewController.swift; sourceTree = "<group>"; };
		E479261D1D968166004D58BF /* InputAccessoryView.swift */ = {isa = PBXFileReference; fileEncoding = 4; lastKnownFileType = sourcecode.swift; path = InputAccessoryView.swift; sourceTree = "<group>"; };
		E47926201D96820B004D58BF /* RotationButton.swift */ = {isa = PBXFileReference; fileEncoding = 4; lastKnownFileType = sourcecode.swift; path = RotationButton.swift; sourceTree = "<group>"; };
		E47926231D968C74004D58BF /* KeyButton.swift */ = {isa = PBXFileReference; fileEncoding = 4; lastKnownFileType = sourcecode.swift; path = KeyButton.swift; sourceTree = "<group>"; };
		E47926251D968CDB004D58BF /* Keyboard.swift */ = {isa = PBXFileReference; fileEncoding = 4; lastKnownFileType = sourcecode.swift; path = Keyboard.swift; sourceTree = "<group>"; };
		E479262A1D96906C004D58BF /* FormulaInputViewController.swift */ = {isa = PBXFileReference; fileEncoding = 4; lastKnownFileType = sourcecode.swift; path = FormulaInputViewController.swift; sourceTree = "<group>"; };
		E479262D1D96D0B7004D58BF /* NewFormulaHeadView.swift */ = {isa = PBXFileReference; fileEncoding = 4; lastKnownFileType = sourcecode.swift; path = NewFormulaHeadView.swift; sourceTree = "<group>"; };
		E47926301D96D27A004D58BF /* CategoryIndicatorView.swift */ = {isa = PBXFileReference; fileEncoding = 4; lastKnownFileType = sourcecode.swift; path = CategoryIndicatorView.swift; sourceTree = "<group>"; };
		E47926341D96DC5F004D58BF /* CategoryPickViewCell.swift */ = {isa = PBXFileReference; fileEncoding = 4; lastKnownFileType = sourcecode.swift; path = CategoryPickViewCell.swift; sourceTree = "<group>"; };
		E47926351D96DC5F004D58BF /* CategoryPickViewCell.xib */ = {isa = PBXFileReference; fileEncoding = 4; lastKnownFileType = file.xib; path = CategoryPickViewCell.xib; sourceTree = "<group>"; };
		E47926361D96DC5F004D58BF /* CategorySeletedCell.swift */ = {isa = PBXFileReference; fileEncoding = 4; lastKnownFileType = sourcecode.swift; path = CategorySeletedCell.swift; sourceTree = "<group>"; };
		E47926371D96DC5F004D58BF /* CategorySeletedCell.xib */ = {isa = PBXFileReference; fileEncoding = 4; lastKnownFileType = file.xib; path = CategorySeletedCell.xib; sourceTree = "<group>"; };
		E47926391D96DC5F004D58BF /* FormulaTextViewCell.swift */ = {isa = PBXFileReference; fileEncoding = 4; lastKnownFileType = sourcecode.swift; path = FormulaTextViewCell.swift; sourceTree = "<group>"; };
		E479263A1D96DC5F004D58BF /* FormulaTextViewCell.xib */ = {isa = PBXFileReference; fileEncoding = 4; lastKnownFileType = file.xib; path = FormulaTextViewCell.xib; sourceTree = "<group>"; };
		E479263C1D96DC5F004D58BF /* FormulaNameTextField.swift */ = {isa = PBXFileReference; fileEncoding = 4; lastKnownFileType = sourcecode.swift; path = FormulaNameTextField.swift; sourceTree = "<group>"; };
		E479263D1D96DC5F004D58BF /* NameTextViewCell.swift */ = {isa = PBXFileReference; fileEncoding = 4; lastKnownFileType = sourcecode.swift; path = NameTextViewCell.swift; sourceTree = "<group>"; };
		E479263E1D96DC5F004D58BF /* NameTextViewCell.xib */ = {isa = PBXFileReference; fileEncoding = 4; lastKnownFileType = file.xib; path = NameTextViewCell.xib; sourceTree = "<group>"; };
		E47926401D96DC5F004D58BF /* NewFormulaTextCell.swift */ = {isa = PBXFileReference; fileEncoding = 4; lastKnownFileType = sourcecode.swift; path = NewFormulaTextCell.swift; sourceTree = "<group>"; };
		E47926411D96DC5F004D58BF /* NewFormulaTextCell.xib */ = {isa = PBXFileReference; fileEncoding = 4; lastKnownFileType = file.xib; path = NewFormulaTextCell.xib; sourceTree = "<group>"; };
		E47926431D96DC5F004D58BF /* StarRatingCell.swift */ = {isa = PBXFileReference; fileEncoding = 4; lastKnownFileType = sourcecode.swift; path = StarRatingCell.swift; sourceTree = "<group>"; };
		E47926441D96DC5F004D58BF /* StarRatingCell.xib */ = {isa = PBXFileReference; fileEncoding = 4; lastKnownFileType = file.xib; path = StarRatingCell.xib; sourceTree = "<group>"; };
		E47926461D96DC5F004D58BF /* TypePickViewCell.swift */ = {isa = PBXFileReference; fileEncoding = 4; lastKnownFileType = sourcecode.swift; path = TypePickViewCell.swift; sourceTree = "<group>"; };
		E47926471D96DC5F004D58BF /* TypePickViewCell.xib */ = {isa = PBXFileReference; fileEncoding = 4; lastKnownFileType = file.xib; path = TypePickViewCell.xib; sourceTree = "<group>"; };
		E47926481D96DC5F004D58BF /* TypeSelectedCell.swift */ = {isa = PBXFileReference; fileEncoding = 4; lastKnownFileType = sourcecode.swift; path = TypeSelectedCell.swift; sourceTree = "<group>"; };
		E47926491D96DC5F004D58BF /* TypeSelectedCell.xib */ = {isa = PBXFileReference; fileEncoding = 4; lastKnownFileType = file.xib; path = TypeSelectedCell.xib; sourceTree = "<group>"; };
		E479265C1D96DD44004D58BF /* CateogyItemView.swift */ = {isa = PBXFileReference; fileEncoding = 4; lastKnownFileType = sourcecode.swift; path = CateogyItemView.swift; sourceTree = "<group>"; };
		E479265E1D96E005004D58BF /* CubeCategory.plist */ = {isa = PBXFileReference; fileEncoding = 4; lastKnownFileType = text.plist.xml; path = CubeCategory.plist; sourceTree = "<group>"; };
		E479265F1D96E005004D58BF /* CubeType.plist */ = {isa = PBXFileReference; fileEncoding = 4; lastKnownFileType = text.plist.xml; path = CubeType.plist; sourceTree = "<group>"; };
		E47926601D96E005004D58BF /* FormulaKeyboard.plist */ = {isa = PBXFileReference; fileEncoding = 4; lastKnownFileType = text.plist.xml; path = FormulaKeyboard.plist; sourceTree = "<group>"; };
		E47926671D96E06F004D58BF /* FormulaTextView.swift */ = {isa = PBXFileReference; fileEncoding = 4; lastKnownFileType = sourcecode.swift; path = FormulaTextView.swift; sourceTree = "<group>"; };
		E47926731D96EB85004D58BF /* NewSectionHeaderView.swift */ = {isa = PBXFileReference; fileEncoding = 4; lastKnownFileType = sourcecode.swift; path = NewSectionHeaderView.swift; sourceTree = "<group>"; };
		E47926741D96EB85004D58BF /* NewSectionHeaderView.xib */ = {isa = PBXFileReference; fileEncoding = 4; lastKnownFileType = file.xib; path = NewSectionHeaderView.xib; sourceTree = "<group>"; };
		E48A74A31D992251006151F4 /* Resgin.storyboard */ = {isa = PBXFileReference; fileEncoding = 4; lastKnownFileType = file.storyboard; path = Resgin.storyboard; sourceTree = "<group>"; };
		E497E9FC1D9A04DC00BB9A2D /* NavigationTitleLabel.swift */ = {isa = PBXFileReference; fileEncoding = 4; lastKnownFileType = sourcecode.swift; path = NavigationTitleLabel.swift; sourceTree = "<group>"; };
		E4AF556D1D97BD3B0053B9CE /* NewFormulaBUtton.swift */ = {isa = PBXFileReference; fileEncoding = 4; lastKnownFileType = sourcecode.swift; path = NewFormulaBUtton.swift; sourceTree = "<group>"; };
		E4B09B9B1D8E38A00090671F /* CategoryButton.swift */ = {isa = PBXFileReference; fileEncoding = 4; lastKnownFileType = sourcecode.swift; path = CategoryButton.swift; sourceTree = "<group>"; };
		E4B09B9E1D8E38D10090671F /* Formula.swift */ = {isa = PBXFileReference; fileEncoding = 4; lastKnownFileType = sourcecode.swift; path = Formula.swift; sourceTree = "<group>"; };
		E4B09BA01D8E3C590090671F /* UIView+Cube.swift */ = {isa = PBXFileReference; fileEncoding = 4; lastKnownFileType = sourcecode.swift; path = "UIView+Cube.swift"; sourceTree = "<group>"; };
		E4B09BA21D8E3D340090671F /* Config.swift */ = {isa = PBXFileReference; fileEncoding = 4; lastKnownFileType = sourcecode.swift; path = Config.swift; sourceTree = "<group>"; };
		E4B09BA51D8E65510090671F /* TopControl.swift */ = {isa = PBXFileReference; fileEncoding = 4; lastKnownFileType = sourcecode.swift; path = TopControl.swift; sourceTree = "<group>"; };
		E4B09BA71D8EB52A0090671F /* BaseCollectionViewController.swift */ = {isa = PBXFileReference; fileEncoding = 4; lastKnownFileType = sourcecode.swift; path = BaseCollectionViewController.swift; sourceTree = "<group>"; };
		E4B09BA91D8EB5790090671F /* MyFormulaViewController.swift */ = {isa = PBXFileReference; fileEncoding = 4; lastKnownFileType = sourcecode.swift; path = MyFormulaViewController.swift; sourceTree = "<group>"; };
		E4B09BAB1D8EB58D0090671F /* LibraryFormulaViewController.swift */ = {isa = PBXFileReference; fileEncoding = 4; lastKnownFileType = sourcecode.swift; path = LibraryFormulaViewController.swift; sourceTree = "<group>"; };
		E4B09BAD1D8EB5AE0090671F /* BaseFormulaLayout.swift */ = {isa = PBXFileReference; fileEncoding = 4; lastKnownFileType = sourcecode.swift; path = BaseFormulaLayout.swift; sourceTree = "<group>"; };
		E4B09BB01D8FA3E20090671F /* FormulaSearchBar.swift */ = {isa = PBXFileReference; fileEncoding = 4; lastKnownFileType = sourcecode.swift; path = FormulaSearchBar.swift; sourceTree = "<group>"; };
		E4B09BB31D8FA5890090671F /* CubeService.swift */ = {isa = PBXFileReference; fileEncoding = 4; lastKnownFileType = sourcecode.swift; path = CubeService.swift; sourceTree = "<group>"; };
		E4D536BB1D8DB0A1008A426A /* LayoutButton.swift */ = {isa = PBXFileReference; fileEncoding = 4; lastKnownFileType = sourcecode.swift; path = LayoutButton.swift; sourceTree = "<group>"; };
		E4DF65E51D8D92D6005CE518 /* Base */ = {isa = PBXFileReference; lastKnownFileType = file.storyboard; name = Base; path = Base.lproj/Formula.storyboard; sourceTree = "<group>"; };
		E4DF65EA1D8D9353005CE518 /* Base */ = {isa = PBXFileReference; lastKnownFileType = file.storyboard; name = Base; path = Base.lproj/Feed.storyboard; sourceTree = "<group>"; };
		E4DF65EF1D8D93A8005CE518 /* Base */ = {isa = PBXFileReference; lastKnownFileType = file.storyboard; name = Base; path = Base.lproj/Setting.storyboard; sourceTree = "<group>"; };
		E4DF65F61D8D94B1005CE518 /* MainNavigationController.swift */ = {isa = PBXFileReference; fileEncoding = 4; lastKnownFileType = sourcecode.swift; path = MainNavigationController.swift; sourceTree = "<group>"; };
		E4DF65FA1D8D94B1005CE518 /* MainTabbarController.swift */ = {isa = PBXFileReference; fileEncoding = 4; lastKnownFileType = sourcecode.swift; path = MainTabbarController.swift; sourceTree = "<group>"; };
		E4DF66001D8D961F005CE518 /* Base */ = {isa = PBXFileReference; lastKnownFileType = file.storyboard; name = Base; path = Lucuber/Base.lproj/Result.storyboard; sourceTree = SOURCE_ROOT; };
		E4DF66031D8D9633005CE518 /* Base */ = {isa = PBXFileReference; lastKnownFileType = file.storyboard; name = Base; path = Lucuber/Base.lproj/Timer.storyboard; sourceTree = SOURCE_ROOT; };
		E4DF66061D8D9738005CE518 /* UIColor+Cube.swift */ = {isa = PBXFileReference; fileEncoding = 4; lastKnownFileType = sourcecode.swift; path = "UIColor+Cube.swift"; sourceTree = "<group>"; };
		E4DF66071D8D9738005CE518 /* UIFont+Cube.swift */ = {isa = PBXFileReference; fileEncoding = 4; lastKnownFileType = sourcecode.swift; path = "UIFont+Cube.swift"; sourceTree = "<group>"; };
		E4DF660A1D8D9B03005CE518 /* FormulaViewController.swift */ = {isa = PBXFileReference; fileEncoding = 4; lastKnownFileType = sourcecode.swift; path = FormulaViewController.swift; sourceTree = "<group>"; };
		E4DF660C1D8D9D1B005CE518 /* UINavigationController+Cube.swift */ = {isa = PBXFileReference; fileEncoding = 4; lastKnownFileType = sourcecode.swift; path = "UINavigationController+Cube.swift"; sourceTree = "<group>"; };
		E4DF660E1D8DA04E005CE518 /* UIStoryboard+Cube.swift */ = {isa = PBXFileReference; fileEncoding = 4; lastKnownFileType = sourcecode.swift; path = "UIStoryboard+Cube.swift"; sourceTree = "<group>"; };
		E4E021E81D9019AA00DED99A /* CardFormulaCell.swift */ = {isa = PBXFileReference; fileEncoding = 4; lastKnownFileType = sourcecode.swift; path = CardFormulaCell.swift; sourceTree = "<group>"; };
		E4E021E91D9019AA00DED99A /* CardFormulaCell.xib */ = {isa = PBXFileReference; fileEncoding = 4; lastKnownFileType = file.xib; path = CardFormulaCell.xib; sourceTree = "<group>"; };
		E4E021EB1D9019AA00DED99A /* HeaderReusableView.swift */ = {isa = PBXFileReference; fileEncoding = 4; lastKnownFileType = sourcecode.swift; path = HeaderReusableView.swift; sourceTree = "<group>"; };
		E4E021EC1D9019AA00DED99A /* HeaderReusableView.xib */ = {isa = PBXFileReference; fileEncoding = 4; lastKnownFileType = file.xib; path = HeaderReusableView.xib; sourceTree = "<group>"; };
		E4E021EE1D9019AA00DED99A /* NormalFormulaCell.swift */ = {isa = PBXFileReference; fileEncoding = 4; lastKnownFileType = sourcecode.swift; path = NormalFormulaCell.swift; sourceTree = "<group>"; };
		E4E021EF1D9019AA00DED99A /* NormalFormulaCell.xib */ = {isa = PBXFileReference; fileEncoding = 4; lastKnownFileType = file.xib; path = NormalFormulaCell.xib; sourceTree = "<group>"; };
		E4E021F71D901A4800DED99A /* StarRatingView.swift */ = {isa = PBXFileReference; fileEncoding = 4; lastKnownFileType = sourcecode.swift; path = StarRatingView.swift; sourceTree = "<group>"; };
		E4E021F91D9023C700DED99A /* String+Cube.swift */ = {isa = PBXFileReference; fileEncoding = 4; lastKnownFileType = sourcecode.swift; path = "String+Cube.swift"; sourceTree = "<group>"; };
		E4E021FC1D90454A00DED99A /* NoResultCell.swift */ = {isa = PBXFileReference; fileEncoding = 4; lastKnownFileType = sourcecode.swift; path = NoResultCell.swift; sourceTree = "<group>"; };
		E4E021FD1D90454A00DED99A /* NoResultCell.xib */ = {isa = PBXFileReference; fileEncoding = 4; lastKnownFileType = file.xib; path = NoResultCell.xib; sourceTree = "<group>"; };
		E4F9F1101D991E040076C57C /* RegisterCodeViewController.swift */ = {isa = PBXFileReference; fileEncoding = 4; lastKnownFileType = sourcecode.swift; path = RegisterCodeViewController.swift; sourceTree = "<group>"; };
		E4F9F1111D991E040076C57C /* RegisterPickAvatarViewController.swift */ = {isa = PBXFileReference; fileEncoding = 4; lastKnownFileType = sourcecode.swift; path = RegisterPickAvatarViewController.swift; sourceTree = "<group>"; };
		E4F9F1121D991E040076C57C /* RegisterPickMobileViewController.swift */ = {isa = PBXFileReference; fileEncoding = 4; lastKnownFileType = sourcecode.swift; path = RegisterPickMobileViewController.swift; sourceTree = "<group>"; };
		E4F9F1131D991E040076C57C /* RegisterPickNameViewController.swift */ = {isa = PBXFileReference; fileEncoding = 4; lastKnownFileType = sourcecode.swift; path = RegisterPickNameViewController.swift; sourceTree = "<group>"; };
		E4F9F1161D991E040076C57C /* RegisterMainViewController.swift */ = {isa = PBXFileReference; fileEncoding = 4; lastKnownFileType = sourcecode.swift; path = RegisterMainViewController.swift; sourceTree = "<group>"; };
		E4FF41C81D91605000B64C46 /* Realm.swift */ = {isa = PBXFileReference; fileEncoding = 4; lastKnownFileType = sourcecode.swift; path = Realm.swift; sourceTree = "<group>"; };
		E4FF41CA1D9161BF00B64C46 /* AVUser+Cube.swift */ = {isa = PBXFileReference; fileEncoding = 4; lastKnownFileType = sourcecode.swift; path = "AVUser+Cube.swift"; sourceTree = "<group>"; };
		E4FFAA7C1D8D29A30039BA8A /* Lucuber.app */ = {isa = PBXFileReference; explicitFileType = wrapper.application; includeInIndex = 0; path = Lucuber.app; sourceTree = BUILT_PRODUCTS_DIR; };
		E4FFAA921D8D29DE0039BA8A /* AppDelegate.swift */ = {isa = PBXFileReference; fileEncoding = 4; lastKnownFileType = sourcecode.swift; path = AppDelegate.swift; sourceTree = "<group>"; };
		E4FFAA931D8D29DE0039BA8A /* Assets.xcassets */ = {isa = PBXFileReference; lastKnownFileType = folder.assetcatalog; path = Assets.xcassets; sourceTree = "<group>"; };
		E4FFAA951D8D29DE0039BA8A /* Base */ = {isa = PBXFileReference; lastKnownFileType = file.storyboard; name = Base; path = Base.lproj/LaunchScreen.storyboard; sourceTree = "<group>"; };
		E4FFAA971D8D29DE0039BA8A /* Base */ = {isa = PBXFileReference; lastKnownFileType = file.storyboard; name = Base; path = Base.lproj/Main.storyboard; sourceTree = "<group>"; };
		E4FFAA981D8D29DE0039BA8A /* Info.plist */ = {isa = PBXFileReference; fileEncoding = 4; lastKnownFileType = text.plist.xml; path = Info.plist; sourceTree = "<group>"; };
/* End PBXFileReference section */

/* Begin PBXFrameworksBuildPhase section */
		E4FFAA791D8D29A30039BA8A /* Frameworks */ = {
			isa = PBXFrameworksBuildPhase;
			buildActionMask = 2147483647;
			files = (
				AEDADC652FF4F04010934AF3 /* Pods_Lucuber.framework in Frameworks */,
			);
			runOnlyForDeploymentPostprocessing = 0;
		};
/* End PBXFrameworksBuildPhase section */

/* Begin PBXGroup section */
		3F921722F0F6519457AE2EF2 /* Pods */ = {
			isa = PBXGroup;
			children = (
				87A4499BD0E073A452EB2B00 /* Pods-Lucuber.debug.xcconfig */,
				98D2FFE53F9A0660ECC95B86 /* Pods-Lucuber.release.xcconfig */,
			);
			name = Pods;
			sourceTree = "<group>";
		};
		B26AE18ECEF437035ED9FD18 /* Frameworks */ = {
			isa = PBXGroup;
			children = (
				5DFFBE25D11B7149AEDB1BCC /* Pods_Lucuber.framework */,
			);
			name = Frameworks;
			sourceTree = "<group>";
		};
		E4207A2C1D93D8AB003CF073 /* CubeHUD */ = {
			isa = PBXGroup;
			children = (
				E4207A2D1D93D8AB003CF073 /* CubeHUD.swift */,
			);
			path = CubeHUD;
			sourceTree = "<group>";
		};
		E4207A2F1D93D8B8003CF073 /* CubeAlert */ = {
			isa = PBXGroup;
			children = (
				E4207A301D93D8C0003CF073 /* CubeAlert.swift */,
			);
			path = CubeAlert;
			sourceTree = "<group>";
		};
		E4217F1C1D962BE200E575AB /* Transitions */ = {
			isa = PBXGroup;
			children = (
				E4217F1D1D962BE200E575AB /* CategoryMenu */,
			);
			path = Transitions;
			sourceTree = "<group>";
		};
		E4217F1D1D962BE200E575AB /* CategoryMenu */ = {
			isa = PBXGroup;
			children = (
				E4217F1E1D962BF500E575AB /* CategoryMenuAnimator.swift */,
				E4217F201D962C1B00E575AB /* CatogoryMenuPresentationController.swift */,
			);
			path = CategoryMenu;
			sourceTree = "<group>";
		};
		E4217F221D962C4100E575AB /* CategoryMenu */ = {
			isa = PBXGroup;
			children = (
				E4217F231D962C4B00E575AB /* CategoryMenuController.swift */,
			);
			path = CategoryMenu;
			sourceTree = "<group>";
		};
		E4217F251D962EF000E575AB /* CategoryMenuCell */ = {
			isa = PBXGroup;
			children = (
				E4217F261D962EFF00E575AB /* CateogryMenuCell.swift */,
			);
			path = CategoryMenuCell;
			sourceTree = "<group>";
		};
		E4217F281D9664DE00E575AB /* NewFormula */ = {
			isa = PBXGroup;
			children = (
				E4217F291D96655100E575AB /* NewFormula.storyboard */,
				E47926191D967E32004D58BF /* NewFormulaViewController.swift */,
			);
			path = NewFormula;
			sourceTree = "<group>";
		};
		E435C0161D9E9D1A0026FA08 /* VisitorView */ = {
			isa = PBXGroup;
			children = (
				E435C0171D9E9D1A0026FA08 /* MyFormulaVisitorView.swift */,
			);
			path = VisitorView;
			sourceTree = "<group>";
		};
		E435C0191D9EA21D0026FA08 /* Login */ = {
			isa = PBXGroup;
			children = (
				E435C01A1D9EA21D0026FA08 /* BorderButton */,
				E435C01C1D9EA21D0026FA08 /* borderTextField */,
				E435C01E1D9EA21D0026FA08 /* CameraPerviewView */,
			);
			path = Login;
			sourceTree = "<group>";
		};
		E435C01A1D9EA21D0026FA08 /* BorderButton */ = {
			isa = PBXGroup;
			children = (
				E435C01B1D9EA21D0026FA08 /* BorderButton.swift */,
			);
			path = BorderButton;
			sourceTree = "<group>";
		};
		E435C01C1D9EA21D0026FA08 /* borderTextField */ = {
			isa = PBXGroup;
			children = (
				E435C01D1D9EA21D0026FA08 /* BorderTextField.swift */,
			);
			path = borderTextField;
			sourceTree = "<group>";
		};
		E435C01E1D9EA21D0026FA08 /* CameraPerviewView */ = {
			isa = PBXGroup;
			children = (
				E435C01F1D9EA21D0026FA08 /* CameraPreviewView.swift */,
			);
			path = CameraPerviewView;
			sourceTree = "<group>";
		};
		E435C0231D9EA39E0026FA08 /* FormulaDetail */ = {
			isa = PBXGroup;
			children = (
				E435C0241D9EA4020026FA08 /* FormulaDetail.storyboard */,
				E435C0261D9EA41D0026FA08 /* FormulaDetailViewController.swift */,
				E435C0281D9EA4FC0026FA08 /* DetailLayout.swift */,
			);
			path = FormulaDetail;
			sourceTree = "<group>";
		};
		E435C02A1D9EAA250026FA08 /* ActionSheetView */ = {
			isa = PBXGroup;
			children = (
				E435C02B1D9EAA250026FA08 /* ActionSheetView.swift */,
			);
			path = ActionSheetView;
			sourceTree = "<group>";
		};
		E435C02D1D9F4A370026FA08 /* FormulaDetail */ = {
			isa = PBXGroup;
			children = (
				E435C02E1D9F4A370026FA08 /* CommentCell */,
				E435C0311D9F4A370026FA08 /* DetailCell */,
				E435C0341D9F4A370026FA08 /* FormulasCell */,
				E435C0371D9F4A370026FA08 /* HeaderView */,
				E435C0391D9F4A370026FA08 /* MasterCell */,
				E435C03C1D9F4A370026FA08 /* SeparatorCell */,
			);
			path = FormulaDetail;
			sourceTree = "<group>";
		};
		E435C02E1D9F4A370026FA08 /* CommentCell */ = {
			isa = PBXGroup;
			children = (
				E435C02F1D9F4A370026FA08 /* DetailCommentCell.swift */,
				E435C0301D9F4A370026FA08 /* DetailCommentCell.xib */,
			);
			path = CommentCell;
			sourceTree = "<group>";
		};
		E435C0311D9F4A370026FA08 /* DetailCell */ = {
			isa = PBXGroup;
			children = (
				E435C0321D9F4A370026FA08 /* DetailCollectionViewCell.swift */,
				E435C0331D9F4A370026FA08 /* DetailCollectionViewCell.xib */,
			);
			path = DetailCell;
			sourceTree = "<group>";
		};
		E435C0341D9F4A370026FA08 /* FormulasCell */ = {
			isa = PBXGroup;
			children = (
				E435C0351D9F4A370026FA08 /* DetailFormulasCell.swift */,
				E435C0361D9F4A370026FA08 /* DetailFormulasCell.xib */,
			);
			path = FormulasCell;
			sourceTree = "<group>";
		};
		E435C0371D9F4A370026FA08 /* HeaderView */ = {
			isa = PBXGroup;
			children = (
				E435C0381D9F4A370026FA08 /* DetailHeaderView.swift */,
			);
			path = HeaderView;
			sourceTree = "<group>";
		};
		E435C0391D9F4A370026FA08 /* MasterCell */ = {
			isa = PBXGroup;
			children = (
				E435C03A1D9F4A370026FA08 /* DetailMasterCell.swift */,
				E435C03B1D9F4A370026FA08 /* DetailMasterCell.xib */,
			);
			path = MasterCell;
			sourceTree = "<group>";
		};
		E435C03C1D9F4A370026FA08 /* SeparatorCell */ = {
			isa = PBXGroup;
			children = (
				E435C03D1D9F4A370026FA08 /* DetailSeparatorCell.swift */,
				E435C03E1D9F4A370026FA08 /* DetailSeparatorCell.xib */,
			);
			path = SeparatorCell;
			sourceTree = "<group>";
		};
		E466068A1D8E3513002306D0 /* Helper */ = {
			isa = PBXGroup;
			children = (
				E479265E1D96E005004D58BF /* CubeCategory.plist */,
				E479265F1D96E005004D58BF /* CubeType.plist */,
				E47926601D96E005004D58BF /* FormulaKeyboard.plist */,
				E466068B1D8E3533002306D0 /* Helper.swift */,
				E4B09BA21D8E3D340090671F /* Config.swift */,
			);
			path = Helper;
			sourceTree = "<group>";
		};
		E479261B1D968156004D58BF /* Keyboard */ = {
			isa = PBXGroup;
			children = (
				E47926221D968C63004D58BF /* KeyButton */,
				E479261F1D968200004D58BF /* RotationButton */,
				E479261C1D968156004D58BF /* AccessoryView */,
			);
			path = Keyboard;
			sourceTree = "<group>";
		};
		E479261C1D968156004D58BF /* AccessoryView */ = {
			isa = PBXGroup;
			children = (
				E479261D1D968166004D58BF /* InputAccessoryView.swift */,
			);
			path = AccessoryView;
			sourceTree = "<group>";
		};
		E479261F1D968200004D58BF /* RotationButton */ = {
			isa = PBXGroup;
			children = (
				E47926201D96820B004D58BF /* RotationButton.swift */,
			);
			path = RotationButton;
			sourceTree = "<group>";
		};
		E47926221D968C63004D58BF /* KeyButton */ = {
			isa = PBXGroup;
			children = (
				E47926231D968C74004D58BF /* KeyButton.swift */,
			);
			path = KeyButton;
			sourceTree = "<group>";
		};
		E47926291D969050004D58BF /* Keyboard */ = {
			isa = PBXGroup;
			children = (
				E479262A1D96906C004D58BF /* FormulaInputViewController.swift */,
			);
			path = Keyboard;
			sourceTree = "<group>";
		};
		E479262C1D96D0B7004D58BF /* NewFormulaHeader */ = {
			isa = PBXGroup;
			children = (
				E479262D1D96D0B7004D58BF /* NewFormulaHeadView.swift */,
			);
			path = NewFormulaHeader;
			sourceTree = "<group>";
		};
		E479262F1D96D26B004D58BF /* CategoryIndicator */ = {
			isa = PBXGroup;
			children = (
				E47926301D96D27A004D58BF /* CategoryIndicatorView.swift */,
			);
			path = CategoryIndicator;
			sourceTree = "<group>";
		};
		E47926321D96DC5F004D58BF /* NewFormulaCell */ = {
			isa = PBXGroup;
			children = (
				E479266E1D96E2EE004D58BF /* SectionHeader */,
				E47926331D96DC5F004D58BF /* CategoryCell */,
				E47926381D96DC5F004D58BF /* FormulaTextCell */,
				E479263B1D96DC5F004D58BF /* NameTextViewCell */,
				E479263F1D96DC5F004D58BF /* NewFormulaTextCell */,
				E47926421D96DC5F004D58BF /* StarRatingCell */,
				E47926451D96DC5F004D58BF /* TypeCell */,
			);
			path = NewFormulaCell;
			sourceTree = "<group>";
		};
		E47926331D96DC5F004D58BF /* CategoryCell */ = {
			isa = PBXGroup;
			children = (
				E47926341D96DC5F004D58BF /* CategoryPickViewCell.swift */,
				E47926351D96DC5F004D58BF /* CategoryPickViewCell.xib */,
				E47926361D96DC5F004D58BF /* CategorySeletedCell.swift */,
				E47926371D96DC5F004D58BF /* CategorySeletedCell.xib */,
			);
			path = CategoryCell;
			sourceTree = "<group>";
		};
		E47926381D96DC5F004D58BF /* FormulaTextCell */ = {
			isa = PBXGroup;
			children = (
				E47926391D96DC5F004D58BF /* FormulaTextViewCell.swift */,
				E479263A1D96DC5F004D58BF /* FormulaTextViewCell.xib */,
			);
			path = FormulaTextCell;
			sourceTree = "<group>";
		};
		E479263B1D96DC5F004D58BF /* NameTextViewCell */ = {
			isa = PBXGroup;
			children = (
				E479263C1D96DC5F004D58BF /* FormulaNameTextField.swift */,
				E479263D1D96DC5F004D58BF /* NameTextViewCell.swift */,
				E479263E1D96DC5F004D58BF /* NameTextViewCell.xib */,
			);
			path = NameTextViewCell;
			sourceTree = "<group>";
		};
		E479263F1D96DC5F004D58BF /* NewFormulaTextCell */ = {
			isa = PBXGroup;
			children = (
				E47926401D96DC5F004D58BF /* NewFormulaTextCell.swift */,
				E47926411D96DC5F004D58BF /* NewFormulaTextCell.xib */,
			);
			name = NewFormulaTextCell;
			path = newFormulaTextCell;
			sourceTree = "<group>";
		};
		E47926421D96DC5F004D58BF /* StarRatingCell */ = {
			isa = PBXGroup;
			children = (
				E47926431D96DC5F004D58BF /* StarRatingCell.swift */,
				E47926441D96DC5F004D58BF /* StarRatingCell.xib */,
			);
			path = StarRatingCell;
			sourceTree = "<group>";
		};
		E47926451D96DC5F004D58BF /* TypeCell */ = {
			isa = PBXGroup;
			children = (
				E47926461D96DC5F004D58BF /* TypePickViewCell.swift */,
				E47926471D96DC5F004D58BF /* TypePickViewCell.xib */,
				E47926481D96DC5F004D58BF /* TypeSelectedCell.swift */,
				E47926491D96DC5F004D58BF /* TypeSelectedCell.xib */,
			);
			path = TypeCell;
			sourceTree = "<group>";
		};
		E479265B1D96DD39004D58BF /* CategoryItem */ = {
			isa = PBXGroup;
			children = (
				E479265C1D96DD44004D58BF /* CateogyItemView.swift */,
			);
			path = CategoryItem;
			sourceTree = "<group>";
		};
		E47926661D96E065004D58BF /* FormulaTextView */ = {
			isa = PBXGroup;
			children = (
				E47926671D96E06F004D58BF /* FormulaTextView.swift */,
			);
			path = FormulaTextView;
			sourceTree = "<group>";
		};
		E479266E1D96E2EE004D58BF /* SectionHeader */ = {
			isa = PBXGroup;
			children = (
				E47926731D96EB85004D58BF /* NewSectionHeaderView.swift */,
				E47926741D96EB85004D58BF /* NewSectionHeaderView.xib */,
			);
			path = SectionHeader;
			sourceTree = "<group>";
		};
		E497E9FB1D9A04D300BB9A2D /* NavigationTitleLabel */ = {
			isa = PBXGroup;
			children = (
				E497E9FC1D9A04DC00BB9A2D /* NavigationTitleLabel.swift */,
			);
			path = NavigationTitleLabel;
			sourceTree = "<group>";
		};
		E4AF556C1D97BD320053B9CE /* NewFormulaButton */ = {
			isa = PBXGroup;
			children = (
				E4AF556D1D97BD3B0053B9CE /* NewFormulaBUtton.swift */,
			);
			path = NewFormulaButton;
			sourceTree = "<group>";
		};
		E4B09B9A1D8E38910090671F /* CategoryButton */ = {
			isa = PBXGroup;
			children = (
				E4B09B9B1D8E38A00090671F /* CategoryButton.swift */,
			);
			path = CategoryButton;
			sourceTree = "<group>";
		};
		E4B09B9D1D8E38C30090671F /* Models */ = {
			isa = PBXGroup;
			children = (
				E4B09B9E1D8E38D10090671F /* Formula.swift */,
				E4FF41C81D91605000B64C46 /* Realm.swift */,
				E47926251D968CDB004D58BF /* Keyboard.swift */,
			);
			path = Models;
			sourceTree = "<group>";
		};
		E4B09BA41D8E65460090671F /* TopControl */ = {
			isa = PBXGroup;
			children = (
				E4B09BA51D8E65510090671F /* TopControl.swift */,
			);
			path = TopControl;
			sourceTree = "<group>";
		};
		E4B09BAF1D8FA3D60090671F /* FormulaSearchBar */ = {
			isa = PBXGroup;
			children = (
				E4B09BB01D8FA3E20090671F /* FormulaSearchBar.swift */,
			);
			path = FormulaSearchBar;
			sourceTree = "<group>";
		};
		E4B09BB21D8FA57A0090671F /* Services */ = {
			isa = PBXGroup;
			children = (
				E4B09BB31D8FA5890090671F /* CubeService.swift */,
			);
			path = Services;
			sourceTree = "<group>";
		};
		E4D536B91D8DB095008A426A /* Views */ = {
			isa = PBXGroup;
			children = (
				E435C02D1D9F4A370026FA08 /* FormulaDetail */,
				E435C02A1D9EAA250026FA08 /* ActionSheetView */,
				E435C0191D9EA21D0026FA08 /* Login */,
				E435C0161D9E9D1A0026FA08 /* VisitorView */,
				E497E9FB1D9A04D300BB9A2D /* NavigationTitleLabel */,
				E4AF556C1D97BD320053B9CE /* NewFormulaButton */,
				E47926661D96E065004D58BF /* FormulaTextView */,
				E479265B1D96DD39004D58BF /* CategoryItem */,
				E479262F1D96D26B004D58BF /* CategoryIndicator */,
				E479262C1D96D0B7004D58BF /* NewFormulaHeader */,
				E47926321D96DC5F004D58BF /* NewFormulaCell */,
				E479261B1D968156004D58BF /* Keyboard */,
				E4217F251D962EF000E575AB /* CategoryMenuCell */,
				E4207A2F1D93D8B8003CF073 /* CubeAlert */,
				E4207A2C1D93D8AB003CF073 /* CubeHUD */,
				E4E021F61D901A3A00DED99A /* StarRatingView */,
				E4E021E61D9019AA00DED99A /* Fromula */,
				E4B09BAF1D8FA3D60090671F /* FormulaSearchBar */,
				E4B09BA41D8E65460090671F /* TopControl */,
				E4B09B9A1D8E38910090671F /* CategoryButton */,
				E4D536BA1D8DB095008A426A /* LayoutButton */,
			);
			path = Views;
			sourceTree = "<group>";
		};
		E4D536BA1D8DB095008A426A /* LayoutButton */ = {
			isa = PBXGroup;
			children = (
				E4D536BB1D8DB0A1008A426A /* LayoutButton.swift */,
			);
			path = LayoutButton;
			sourceTree = "<group>";
		};
		E4DF65F11D8D94B1005CE518 /* ViewControllers */ = {
			isa = PBXGroup;
			children = (
				E435C0231D9EA39E0026FA08 /* FormulaDetail */,
				E4F9F10C1D991E040076C57C /* Login */,
				E47926291D969050004D58BF /* Keyboard */,
				E4217F281D9664DE00E575AB /* NewFormula */,
				E4217F221D962C4100E575AB /* CategoryMenu */,
				E4DF65F91D8D94B1005CE518 /* TabBar */,
				E4DF65F51D8D94B1005CE518 /* Navigation */,
				E4DF65F41D8D94B1005CE518 /* Formula */,
				E4DF65F71D8D94B1005CE518 /* Result */,
				E4DF65F21D8D94B1005CE518 /* Feed */,
				E4DF65F81D8D94B1005CE518 /* Setting */,
				E4DF65FB1D8D94B1005CE518 /* Timer */,
			);
			path = ViewControllers;
			sourceTree = "<group>";
		};
		E4DF65F21D8D94B1005CE518 /* Feed */ = {
			isa = PBXGroup;
			children = (
				E4DF65E91D8D9353005CE518 /* Feed.storyboard */,
			);
			path = Feed;
			sourceTree = "<group>";
		};
		E4DF65F41D8D94B1005CE518 /* Formula */ = {
			isa = PBXGroup;
			children = (
				E4DF65E41D8D92D6005CE518 /* Formula.storyboard */,
				E4DF660A1D8D9B03005CE518 /* FormulaViewController.swift */,
				E4B09BA71D8EB52A0090671F /* BaseCollectionViewController.swift */,
				E4B09BA91D8EB5790090671F /* MyFormulaViewController.swift */,
				E4B09BAB1D8EB58D0090671F /* LibraryFormulaViewController.swift */,
				E4B09BAD1D8EB5AE0090671F /* BaseFormulaLayout.swift */,
			);
			path = Formula;
			sourceTree = "<group>";
		};
		E4DF65F51D8D94B1005CE518 /* Navigation */ = {
			isa = PBXGroup;
			children = (
				E4DF65F61D8D94B1005CE518 /* MainNavigationController.swift */,
			);
			path = Navigation;
			sourceTree = "<group>";
		};
		E4DF65F71D8D94B1005CE518 /* Result */ = {
			isa = PBXGroup;
			children = (
				E4DF65FF1D8D961F005CE518 /* Result.storyboard */,
			);
			path = Result;
			sourceTree = "<group>";
		};
		E4DF65F81D8D94B1005CE518 /* Setting */ = {
			isa = PBXGroup;
			children = (
				E4DF65EE1D8D93A8005CE518 /* Setting.storyboard */,
			);
			path = Setting;
			sourceTree = "<group>";
		};
		E4DF65F91D8D94B1005CE518 /* TabBar */ = {
			isa = PBXGroup;
			children = (
				E4DF65FA1D8D94B1005CE518 /* MainTabbarController.swift */,
			);
			path = TabBar;
			sourceTree = "<group>";
		};
		E4DF65FB1D8D94B1005CE518 /* Timer */ = {
			isa = PBXGroup;
			children = (
				E4DF66021D8D9633005CE518 /* Timer.storyboard */,
			);
			path = Timer;
			sourceTree = "<group>";
		};
		E4DF66051D8D9738005CE518 /* Extension */ = {
			isa = PBXGroup;
			children = (
				E4DF66061D8D9738005CE518 /* UIColor+Cube.swift */,
				E4DF66071D8D9738005CE518 /* UIFont+Cube.swift */,
				E4DF660C1D8D9D1B005CE518 /* UINavigationController+Cube.swift */,
				E4DF660E1D8DA04E005CE518 /* UIStoryboard+Cube.swift */,
				E4B09BA01D8E3C590090671F /* UIView+Cube.swift */,
				E4E021F91D9023C700DED99A /* String+Cube.swift */,
				E47298241D91184100FBBFBF /* UserDefaults.swift */,
				E4FF41CA1D9161BF00B64C46 /* AVUser+Cube.swift */,
				E4207A2A1D93CA7F003CF073 /* Animation.swift */,
				E4207A321D93E1CB003CF073 /* UIViewController+Cube.swift */,
				E406A43C1D9A99F400B4BD0A /* UIImage+Cube.swift */,
			);
			path = Extension;
			sourceTree = "<group>";
		};
		E4E021E61D9019AA00DED99A /* Fromula */ = {
			isa = PBXGroup;
			children = (
				E4E021FB1D90454A00DED99A /* NoResult */,
				E4E021E71D9019AA00DED99A /* CardCell */,
				E4E021EA1D9019AA00DED99A /* HeaderView */,
				E4E021ED1D9019AA00DED99A /* NomalCell */,
			);
			path = Fromula;
			sourceTree = "<group>";
		};
		E4E021E71D9019AA00DED99A /* CardCell */ = {
			isa = PBXGroup;
			children = (
				E4E021E81D9019AA00DED99A /* CardFormulaCell.swift */,
				E4E021E91D9019AA00DED99A /* CardFormulaCell.xib */,
			);
			path = CardCell;
			sourceTree = "<group>";
		};
		E4E021EA1D9019AA00DED99A /* HeaderView */ = {
			isa = PBXGroup;
			children = (
				E4E021EB1D9019AA00DED99A /* HeaderReusableView.swift */,
				E4E021EC1D9019AA00DED99A /* HeaderReusableView.xib */,
			);
			path = HeaderView;
			sourceTree = "<group>";
		};
		E4E021ED1D9019AA00DED99A /* NomalCell */ = {
			isa = PBXGroup;
			children = (
				E4E021EE1D9019AA00DED99A /* NormalFormulaCell.swift */,
				E4E021EF1D9019AA00DED99A /* NormalFormulaCell.xib */,
			);
			path = NomalCell;
			sourceTree = "<group>";
		};
		E4E021F61D901A3A00DED99A /* StarRatingView */ = {
			isa = PBXGroup;
			children = (
				E4E021F71D901A4800DED99A /* StarRatingView.swift */,
			);
			path = StarRatingView;
			sourceTree = "<group>";
		};
		E4E021FB1D90454A00DED99A /* NoResult */ = {
			isa = PBXGroup;
			children = (
				E4E021FC1D90454A00DED99A /* NoResultCell.swift */,
				E4E021FD1D90454A00DED99A /* NoResultCell.xib */,
			);
			path = NoResult;
			sourceTree = "<group>";
		};
		E4F9F10C1D991E040076C57C /* Login */ = {
			isa = PBXGroup;
			children = (
				E48A74A31D992251006151F4 /* Resgin.storyboard */,
				E4F9F1101D991E040076C57C /* RegisterCodeViewController.swift */,
				E4F9F1111D991E040076C57C /* RegisterPickAvatarViewController.swift */,
				E4F9F1121D991E040076C57C /* RegisterPickMobileViewController.swift */,
				E4F9F1131D991E040076C57C /* RegisterPickNameViewController.swift */,
				E4F9F1161D991E040076C57C /* RegisterMainViewController.swift */,
			);
			path = Login;
			sourceTree = "<group>";
		};
		E4FFAA731D8D29A30039BA8A = {
			isa = PBXGroup;
			children = (
				E4FFAA911D8D29DE0039BA8A /* Lucuber */,
				E4FFAA7D1D8D29A30039BA8A /* Products */,
				3F921722F0F6519457AE2EF2 /* Pods */,
				B26AE18ECEF437035ED9FD18 /* Frameworks */,
			);
			sourceTree = "<group>";
		};
		E4FFAA7D1D8D29A30039BA8A /* Products */ = {
			isa = PBXGroup;
			children = (
				E4FFAA7C1D8D29A30039BA8A /* Lucuber.app */,
			);
			name = Products;
			sourceTree = "<group>";
		};
		E4FFAA911D8D29DE0039BA8A /* Lucuber */ = {
			isa = PBXGroup;
			children = (
				E466068A1D8E3513002306D0 /* Helper */,
				E4FFAA931D8D29DE0039BA8A /* Assets.xcassets */,
				E4FFAA961D8D29DE0039BA8A /* Main.storyboard */,
				E4FFAA941D8D29DE0039BA8A /* LaunchScreen.storyboard */,
				E4FFAA921D8D29DE0039BA8A /* AppDelegate.swift */,
				E4FFAA981D8D29DE0039BA8A /* Info.plist */,
				E4B09BB21D8FA57A0090671F /* Services */,
				E4B09B9D1D8E38C30090671F /* Models */,
				E4D536B91D8DB095008A426A /* Views */,
				E4DF66051D8D9738005CE518 /* Extension */,
				E4DF65F11D8D94B1005CE518 /* ViewControllers */,
				E4217F1C1D962BE200E575AB /* Transitions */,
			);
			path = Lucuber;
			sourceTree = "<group>";
		};
/* End PBXGroup section */

/* Begin PBXNativeTarget section */
		E4FFAA7B1D8D29A30039BA8A /* Lucuber */ = {
			isa = PBXNativeTarget;
			buildConfigurationList = E4FFAA8E1D8D29A30039BA8A /* Build configuration list for PBXNativeTarget "Lucuber" */;
			buildPhases = (
				A1B3630DD46A72714D0902F4 /* [CP] Check Pods Manifest.lock */,
				E4FFAA781D8D29A30039BA8A /* Sources */,
				E4FFAA791D8D29A30039BA8A /* Frameworks */,
				E4FFAA7A1D8D29A30039BA8A /* Resources */,
				47509323E1359E29F7629C42 /* [CP] Embed Pods Frameworks */,
				17F452481A9A2562A7E9C54E /* [CP] Copy Pods Resources */,
			);
			buildRules = (
			);
			dependencies = (
			);
			name = Lucuber;
			productName = Lucuber;
			productReference = E4FFAA7C1D8D29A30039BA8A /* Lucuber.app */;
			productType = "com.apple.product-type.application";
		};
/* End PBXNativeTarget section */

/* Begin PBXProject section */
		E4FFAA741D8D29A30039BA8A /* Project object */ = {
			isa = PBXProject;
			attributes = {
				LastSwiftUpdateCheck = 0800;
				LastUpgradeCheck = 0800;
				ORGANIZATIONNAME = Tychooo;
				TargetAttributes = {
					E4FFAA7B1D8D29A30039BA8A = {
						CreatedOnToolsVersion = 8.0;
						DevelopmentTeam = M8E7Y88Q7R;
						ProvisioningStyle = Automatic;
					};
				};
			};
			buildConfigurationList = E4FFAA771D8D29A30039BA8A /* Build configuration list for PBXProject "Lucuber" */;
			compatibilityVersion = "Xcode 3.2";
			developmentRegion = English;
			hasScannedForEncodings = 0;
			knownRegions = (
				en,
				Base,
			);
			mainGroup = E4FFAA731D8D29A30039BA8A;
			productRefGroup = E4FFAA7D1D8D29A30039BA8A /* Products */;
			projectDirPath = "";
			projectRoot = "";
			targets = (
				E4FFAA7B1D8D29A30039BA8A /* Lucuber */,
			);
		};
/* End PBXProject section */

/* Begin PBXResourcesBuildPhase section */
		E4FFAA7A1D8D29A30039BA8A /* Resources */ = {
			isa = PBXResourcesBuildPhase;
			buildActionMask = 2147483647;
			files = (
				E47926621D96E005004D58BF /* CubeType.plist in Resources */,
				E4DF66041D8D9633005CE518 /* Timer.storyboard in Resources */,
				E4DF66011D8D961F005CE518 /* Result.storyboard in Resources */,
				E47926561D96DC5F004D58BF /* StarRatingCell.xib in Resources */,
				E4E021F31D9019AA00DED99A /* HeaderReusableView.xib in Resources */,
				E479264B1D96DC5F004D58BF /* CategoryPickViewCell.xib in Resources */,
				E4FFAA9D1D8D29DE0039BA8A /* Main.storyboard in Resources */,
				E435C0251D9EA4020026FA08 /* FormulaDetail.storyboard in Resources */,
				E479265A1D96DC5F004D58BF /* TypeSelectedCell.xib in Resources */,
				E435C0421D9F4A370026FA08 /* DetailCollectionViewCell.xib in Resources */,
				E48A74A41D992251006151F4 /* Resgin.storyboard in Resources */,
				E4DF65EB1D8D9353005CE518 /* Feed.storyboard in Resources */,
				E435C0491D9F4A370026FA08 /* DetailSeparatorCell.xib in Resources */,
				E4FFAA9B1D8D29DE0039BA8A /* Assets.xcassets in Resources */,
				E4E021F11D9019AA00DED99A /* CardFormulaCell.xib in Resources */,
				E4FFAA9C1D8D29DE0039BA8A /* LaunchScreen.storyboard in Resources */,
				E47926541D96DC5F004D58BF /* NewFormulaTextCell.xib in Resources */,
				E435C0471D9F4A370026FA08 /* DetailMasterCell.xib in Resources */,
				E47926761D96EB85004D58BF /* NewSectionHeaderView.xib in Resources */,
				E4DF65E61D8D92D6005CE518 /* Formula.storyboard in Resources */,
				E47926611D96E005004D58BF /* CubeCategory.plist in Resources */,
				E4217F2A1D96655100E575AB /* NewFormula.storyboard in Resources */,
				E47926581D96DC5F004D58BF /* TypePickViewCell.xib in Resources */,
				E435C0401D9F4A370026FA08 /* DetailCommentCell.xib in Resources */,
				E479264D1D96DC5F004D58BF /* CategorySeletedCell.xib in Resources */,
				E4E021FF1D90454A00DED99A /* NoResultCell.xib in Resources */,
				E4E021F51D9019AA00DED99A /* NormalFormulaCell.xib in Resources */,
				E435C0441D9F4A370026FA08 /* DetailFormulasCell.xib in Resources */,
				E479264F1D96DC5F004D58BF /* FormulaTextViewCell.xib in Resources */,
				E47926521D96DC5F004D58BF /* NameTextViewCell.xib in Resources */,
				E47926631D96E005004D58BF /* FormulaKeyboard.plist in Resources */,
				E4DF65F01D8D93A8005CE518 /* Setting.storyboard in Resources */,
			);
			runOnlyForDeploymentPostprocessing = 0;
		};
/* End PBXResourcesBuildPhase section */

/* Begin PBXShellScriptBuildPhase section */
		17F452481A9A2562A7E9C54E /* [CP] Copy Pods Resources */ = {
			isa = PBXShellScriptBuildPhase;
			buildActionMask = 2147483647;
			files = (
			);
			inputPaths = (
			);
			name = "[CP] Copy Pods Resources";
			outputPaths = (
			);
			runOnlyForDeploymentPostprocessing = 0;
			shellPath = /bin/sh;
			shellScript = "\"${SRCROOT}/Pods/Target Support Files/Pods-Lucuber/Pods-Lucuber-resources.sh\"\n";
			showEnvVarsInLog = 0;
		};
		47509323E1359E29F7629C42 /* [CP] Embed Pods Frameworks */ = {
			isa = PBXShellScriptBuildPhase;
			buildActionMask = 2147483647;
			files = (
			);
			inputPaths = (
			);
			name = "[CP] Embed Pods Frameworks";
			outputPaths = (
			);
			runOnlyForDeploymentPostprocessing = 0;
			shellPath = /bin/sh;
			shellScript = "\"${SRCROOT}/Pods/Target Support Files/Pods-Lucuber/Pods-Lucuber-frameworks.sh\"\n";
			showEnvVarsInLog = 0;
		};
		A1B3630DD46A72714D0902F4 /* [CP] Check Pods Manifest.lock */ = {
			isa = PBXShellScriptBuildPhase;
			buildActionMask = 2147483647;
			files = (
			);
			inputPaths = (
			);
			name = "[CP] Check Pods Manifest.lock";
			outputPaths = (
			);
			runOnlyForDeploymentPostprocessing = 0;
			shellPath = /bin/sh;
			shellScript = "diff \"${PODS_ROOT}/../Podfile.lock\" \"${PODS_ROOT}/Manifest.lock\" > /dev/null\nif [ $? != 0 ] ; then\n    # print error to STDERR\n    echo \"error: The sandbox is not in sync with the Podfile.lock. Run 'pod install' or update your CocoaPods installation.\" >&2\n    exit 1\nfi\n";
			showEnvVarsInLog = 0;
		};
/* End PBXShellScriptBuildPhase section */

/* Begin PBXSourcesBuildPhase section */
		E4FFAA781D8D29A30039BA8A /* Sources */ = {
			isa = PBXSourcesBuildPhase;
			buildActionMask = 2147483647;
			files = (
				E435C03F1D9F4A370026FA08 /* DetailCommentCell.swift in Sources */,
				E4F9F11C1D991E040076C57C /* RegisterPickMobileViewController.swift in Sources */,
				E435C0461D9F4A370026FA08 /* DetailMasterCell.swift in Sources */,
				E4F9F11B1D991E040076C57C /* RegisterPickAvatarViewController.swift in Sources */,
				E4F9F11D1D991E040076C57C /* RegisterPickNameViewController.swift in Sources */,
				E47298251D91184100FBBFBF /* UserDefaults.swift in Sources */,
				E4B09BB41D8FA5890090671F /* CubeService.swift in Sources */,
				E4F9F1201D991E040076C57C /* RegisterMainViewController.swift in Sources */,
				E47926511D96DC5F004D58BF /* NameTextViewCell.swift in Sources */,
				E4DF66081D8D9738005CE518 /* UIColor+Cube.swift in Sources */,
				E47926681D96E06F004D58BF /* FormulaTextView.swift in Sources */,
				E4E021F21D9019AA00DED99A /* HeaderReusableView.swift in Sources */,
				E479264E1D96DC5F004D58BF /* FormulaTextViewCell.swift in Sources */,
				E435C0451D9F4A370026FA08 /* DetailHeaderView.swift in Sources */,
				E4DF65FD1D8D94B1005CE518 /* MainNavigationController.swift in Sources */,
				E435C0271D9EA41D0026FA08 /* FormulaDetailViewController.swift in Sources */,
				E4217F211D962C1B00E575AB /* CatogoryMenuPresentationController.swift in Sources */,
				E479261E1D968166004D58BF /* InputAccessoryView.swift in Sources */,
				E4FF41C91D91605000B64C46 /* Realm.swift in Sources */,
				E47926241D968C74004D58BF /* KeyButton.swift in Sources */,
				E4B09BA31D8E3D340090671F /* Config.swift in Sources */,
				E47926551D96DC5F004D58BF /* StarRatingCell.swift in Sources */,
				E47926311D96D27A004D58BF /* CategoryIndicatorView.swift in Sources */,
				E479265D1D96DD44004D58BF /* CateogyItemView.swift in Sources */,
				E479261A1D967E32004D58BF /* NewFormulaViewController.swift in Sources */,
				E4E021F81D901A4800DED99A /* StarRatingView.swift in Sources */,
				E4DF66091D8D9738005CE518 /* UIFont+Cube.swift in Sources */,
				E4217F241D962C4B00E575AB /* CategoryMenuController.swift in Sources */,
				E435C0181D9E9D1A0026FA08 /* MyFormulaVisitorView.swift in Sources */,
				E47926261D968CDB004D58BF /* Keyboard.swift in Sources */,
				E4E021FA1D9023C700DED99A /* String+Cube.swift in Sources */,
				E435C0201D9EA21D0026FA08 /* BorderButton.swift in Sources */,
				E479262B1D96906C004D58BF /* FormulaInputViewController.swift in Sources */,
				E4207A331D93E1CB003CF073 /* UIViewController+Cube.swift in Sources */,
				E4FF41CB1D9161BF00B64C46 /* AVUser+Cube.swift in Sources */,
				E435C02C1D9EAA250026FA08 /* ActionSheetView.swift in Sources */,
				E435C0221D9EA21D0026FA08 /* CameraPreviewView.swift in Sources */,
				E4D536BC1D8DB0A1008A426A /* LayoutButton.swift in Sources */,
				E4207A2E1D93D8AB003CF073 /* CubeHUD.swift in Sources */,
				E4B09BAA1D8EB5790090671F /* MyFormulaViewController.swift in Sources */,
				E4DF660F1D8DA04E005CE518 /* UIStoryboard+Cube.swift in Sources */,
				E4B09BA81D8EB52A0090671F /* BaseCollectionViewController.swift in Sources */,
				E4217F271D962EFF00E575AB /* CateogryMenuCell.swift in Sources */,
				E4DF65FE1D8D94B1005CE518 /* MainTabbarController.swift in Sources */,
				E4207A311D93D8C0003CF073 /* CubeAlert.swift in Sources */,
				E435C0431D9F4A370026FA08 /* DetailFormulasCell.swift in Sources */,
				E4B09BAE1D8EB5AE0090671F /* BaseFormulaLayout.swift in Sources */,
				E497E9FD1D9A04DC00BB9A2D /* NavigationTitleLabel.swift in Sources */,
				E4FFAA9A1D8D29DE0039BA8A /* AppDelegate.swift in Sources */,
				E47926531D96DC5F004D58BF /* NewFormulaTextCell.swift in Sources */,
				E47926751D96EB85004D58BF /* NewSectionHeaderView.swift in Sources */,
				E4AF556E1D97BD3B0053B9CE /* NewFormulaBUtton.swift in Sources */,
				E4E021F01D9019AA00DED99A /* CardFormulaCell.swift in Sources */,
				E4B09BA11D8E3C590090671F /* UIView+Cube.swift in Sources */,
				E4217F1F1D962BF500E575AB /* CategoryMenuAnimator.swift in Sources */,
				E4E021F41D9019AA00DED99A /* NormalFormulaCell.swift in Sources */,
				E435C0411D9F4A370026FA08 /* DetailCollectionViewCell.swift in Sources */,
				E4207A2B1D93CA7F003CF073 /* Animation.swift in Sources */,
				E4B09BB11D8FA3E20090671F /* FormulaSearchBar.swift in Sources */,
				E47926571D96DC5F004D58BF /* TypePickViewCell.swift in Sources */,
				E435C0291D9EA4FC0026FA08 /* DetailLayout.swift in Sources */,
				E479264A1D96DC5F004D58BF /* CategoryPickViewCell.swift in Sources */,
				E479264C1D96DC5F004D58BF /* CategorySeletedCell.swift in Sources */,
				E47926591D96DC5F004D58BF /* TypeSelectedCell.swift in Sources */,
				E4F9F11A1D991E040076C57C /* RegisterCodeViewController.swift in Sources */,
				E466068C1D8E3533002306D0 /* Helper.swift in Sources */,
				E479262E1D96D0B7004D58BF /* NewFormulaHeadView.swift in Sources */,
				E4B09B9C1D8E38A00090671F /* CategoryButton.swift in Sources */,
				E4B09BAC1D8EB58D0090671F /* LibraryFormulaViewController.swift in Sources */,
				E47926501D96DC5F004D58BF /* FormulaNameTextField.swift in Sources */,
				E4DF660D1D8D9D1B005CE518 /* UINavigationController+Cube.swift in Sources */,
				E4DF660B1D8D9B03005CE518 /* FormulaViewController.swift in Sources */,
				E4E021FE1D90454A00DED99A /* NoResultCell.swift in Sources */,
				E435C0481D9F4A370026FA08 /* DetailSeparatorCell.swift in Sources */,
				E406A43D1D9A99F400B4BD0A /* UIImage+Cube.swift in Sources */,
				E4B09B9F1D8E38D10090671F /* Formula.swift in Sources */,
				E4B09BA61D8E65510090671F /* TopControl.swift in Sources */,
				E47926211D96820B004D58BF /* RotationButton.swift in Sources */,
				E435C0211D9EA21D0026FA08 /* BorderTextField.swift in Sources */,
			);
			runOnlyForDeploymentPostprocessing = 0;
		};
/* End PBXSourcesBuildPhase section */

/* Begin PBXVariantGroup section */
		E4DF65E41D8D92D6005CE518 /* Formula.storyboard */ = {
			isa = PBXVariantGroup;
			children = (
				E4DF65E51D8D92D6005CE518 /* Base */,
			);
			name = Formula.storyboard;
			path = ../..;
			sourceTree = "<group>";
		};
		E4DF65E91D8D9353005CE518 /* Feed.storyboard */ = {
			isa = PBXVariantGroup;
			children = (
				E4DF65EA1D8D9353005CE518 /* Base */,
			);
			name = Feed.storyboard;
			path = ../..;
			sourceTree = "<group>";
		};
		E4DF65EE1D8D93A8005CE518 /* Setting.storyboard */ = {
			isa = PBXVariantGroup;
			children = (
				E4DF65EF1D8D93A8005CE518 /* Base */,
			);
			name = Setting.storyboard;
			path = ../..;
			sourceTree = "<group>";
		};
		E4DF65FF1D8D961F005CE518 /* Result.storyboard */ = {
			isa = PBXVariantGroup;
			children = (
				E4DF66001D8D961F005CE518 /* Base */,
			);
			name = Result.storyboard;
			sourceTree = "<group>";
		};
		E4DF66021D8D9633005CE518 /* Timer.storyboard */ = {
			isa = PBXVariantGroup;
			children = (
				E4DF66031D8D9633005CE518 /* Base */,
			);
			name = Timer.storyboard;
			sourceTree = "<group>";
		};
		E4FFAA941D8D29DE0039BA8A /* LaunchScreen.storyboard */ = {
			isa = PBXVariantGroup;
			children = (
				E4FFAA951D8D29DE0039BA8A /* Base */,
			);
			name = LaunchScreen.storyboard;
			sourceTree = "<group>";
		};
		E4FFAA961D8D29DE0039BA8A /* Main.storyboard */ = {
			isa = PBXVariantGroup;
			children = (
				E4FFAA971D8D29DE0039BA8A /* Base */,
			);
			name = Main.storyboard;
			sourceTree = "<group>";
		};
/* End PBXVariantGroup section */

/* Begin XCBuildConfiguration section */
		E4FFAA8C1D8D29A30039BA8A /* Debug */ = {
			isa = XCBuildConfiguration;
			buildSettings = {
				ALWAYS_SEARCH_USER_PATHS = NO;
				CLANG_ANALYZER_NONNULL = YES;
				CLANG_CXX_LANGUAGE_STANDARD = "gnu++0x";
				CLANG_CXX_LIBRARY = "libc++";
				CLANG_ENABLE_MODULES = YES;
				CLANG_ENABLE_OBJC_ARC = YES;
				CLANG_WARN_BOOL_CONVERSION = YES;
				CLANG_WARN_CONSTANT_CONVERSION = YES;
				CLANG_WARN_DIRECT_OBJC_ISA_USAGE = YES_ERROR;
				CLANG_WARN_DOCUMENTATION_COMMENTS = YES;
				CLANG_WARN_EMPTY_BODY = YES;
				CLANG_WARN_ENUM_CONVERSION = YES;
				CLANG_WARN_INFINITE_RECURSION = YES;
				CLANG_WARN_INT_CONVERSION = YES;
				CLANG_WARN_OBJC_ROOT_CLASS = YES_ERROR;
				CLANG_WARN_SUSPICIOUS_MOVE = YES;
				CLANG_WARN_SUSPICIOUS_MOVES = YES;
				CLANG_WARN_UNREACHABLE_CODE = YES;
				CLANG_WARN__DUPLICATE_METHOD_MATCH = YES;
				"CODE_SIGN_IDENTITY[sdk=iphoneos*]" = "iPhone Developer";
				COPY_PHASE_STRIP = NO;
				DEBUG_INFORMATION_FORMAT = dwarf;
				ENABLE_STRICT_OBJC_MSGSEND = YES;
				ENABLE_TESTABILITY = YES;
				GCC_C_LANGUAGE_STANDARD = gnu99;
				GCC_DYNAMIC_NO_PIC = NO;
				GCC_NO_COMMON_BLOCKS = YES;
				GCC_OPTIMIZATION_LEVEL = 0;
				GCC_PREPROCESSOR_DEFINITIONS = (
					"DEBUG=1",
					"$(inherited)",
				);
				GCC_WARN_64_TO_32_BIT_CONVERSION = YES;
				GCC_WARN_ABOUT_RETURN_TYPE = YES_ERROR;
				GCC_WARN_UNDECLARED_SELECTOR = YES;
				GCC_WARN_UNINITIALIZED_AUTOS = YES_AGGRESSIVE;
				GCC_WARN_UNUSED_FUNCTION = YES;
				GCC_WARN_UNUSED_VARIABLE = YES;
				IPHONEOS_DEPLOYMENT_TARGET = 10.0;
				MTL_ENABLE_DEBUG_INFO = YES;
				ONLY_ACTIVE_ARCH = YES;
				SDKROOT = iphoneos;
				SWIFT_ACTIVE_COMPILATION_CONDITIONS = DEBUG;
				SWIFT_OPTIMIZATION_LEVEL = "-Onone";
				TARGETED_DEVICE_FAMILY = "1,2";
			};
			name = Debug;
		};
		E4FFAA8D1D8D29A30039BA8A /* Release */ = {
			isa = XCBuildConfiguration;
			buildSettings = {
				ALWAYS_SEARCH_USER_PATHS = NO;
				CLANG_ANALYZER_NONNULL = YES;
				CLANG_CXX_LANGUAGE_STANDARD = "gnu++0x";
				CLANG_CXX_LIBRARY = "libc++";
				CLANG_ENABLE_MODULES = YES;
				CLANG_ENABLE_OBJC_ARC = YES;
				CLANG_WARN_BOOL_CONVERSION = YES;
				CLANG_WARN_CONSTANT_CONVERSION = YES;
				CLANG_WARN_DIRECT_OBJC_ISA_USAGE = YES_ERROR;
				CLANG_WARN_DOCUMENTATION_COMMENTS = YES;
				CLANG_WARN_EMPTY_BODY = YES;
				CLANG_WARN_ENUM_CONVERSION = YES;
				CLANG_WARN_INFINITE_RECURSION = YES;
				CLANG_WARN_INT_CONVERSION = YES;
				CLANG_WARN_OBJC_ROOT_CLASS = YES_ERROR;
				CLANG_WARN_SUSPICIOUS_MOVE = YES;
				CLANG_WARN_SUSPICIOUS_MOVES = YES;
				CLANG_WARN_UNREACHABLE_CODE = YES;
				CLANG_WARN__DUPLICATE_METHOD_MATCH = YES;
				"CODE_SIGN_IDENTITY[sdk=iphoneos*]" = "iPhone Developer";
				COPY_PHASE_STRIP = NO;
				DEBUG_INFORMATION_FORMAT = "dwarf-with-dsym";
				ENABLE_NS_ASSERTIONS = NO;
				ENABLE_STRICT_OBJC_MSGSEND = YES;
				GCC_C_LANGUAGE_STANDARD = gnu99;
				GCC_NO_COMMON_BLOCKS = YES;
				GCC_WARN_64_TO_32_BIT_CONVERSION = YES;
				GCC_WARN_ABOUT_RETURN_TYPE = YES_ERROR;
				GCC_WARN_UNDECLARED_SELECTOR = YES;
				GCC_WARN_UNINITIALIZED_AUTOS = YES_AGGRESSIVE;
				GCC_WARN_UNUSED_FUNCTION = YES;
				GCC_WARN_UNUSED_VARIABLE = YES;
				IPHONEOS_DEPLOYMENT_TARGET = 10.0;
				MTL_ENABLE_DEBUG_INFO = NO;
				SDKROOT = iphoneos;
				SWIFT_OPTIMIZATION_LEVEL = "-Owholemodule";
				TARGETED_DEVICE_FAMILY = "1,2";
				VALIDATE_PRODUCT = YES;
			};
			name = Release;
		};
		E4FFAA8F1D8D29A30039BA8A /* Debug */ = {
			isa = XCBuildConfiguration;
			baseConfigurationReference = 87A4499BD0E073A452EB2B00 /* Pods-Lucuber.debug.xcconfig */;
			buildSettings = {
				ALWAYS_EMBED_SWIFT_STANDARD_LIBRARIES = YES;
				ASSETCATALOG_COMPILER_APPICON_NAME = AppIcon;
				DEVELOPMENT_TEAM = M8E7Y88Q7R;
				INFOPLIST_FILE = Lucuber/Info.plist;
				IPHONEOS_DEPLOYMENT_TARGET = 9.0;
				LD_RUNPATH_SEARCH_PATHS = "$(inherited) @executable_path/Frameworks";
				PRODUCT_BUNDLE_IDENTIFIER = Tychooo.Lucuber.Lucuber;
				PRODUCT_NAME = "$(TARGET_NAME)";
				SWIFT_VERSION = 3.0;
				TARGETED_DEVICE_FAMILY = 1;
			};
			name = Debug;
		};
		E4FFAA901D8D29A30039BA8A /* Release */ = {
			isa = XCBuildConfiguration;
			baseConfigurationReference = 98D2FFE53F9A0660ECC95B86 /* Pods-Lucuber.release.xcconfig */;
			buildSettings = {
				ALWAYS_EMBED_SWIFT_STANDARD_LIBRARIES = YES;
				ASSETCATALOG_COMPILER_APPICON_NAME = AppIcon;
				DEVELOPMENT_TEAM = M8E7Y88Q7R;
				INFOPLIST_FILE = Lucuber/Info.plist;
				IPHONEOS_DEPLOYMENT_TARGET = 9.0;
				LD_RUNPATH_SEARCH_PATHS = "$(inherited) @executable_path/Frameworks";
				PRODUCT_BUNDLE_IDENTIFIER = Tychooo.Lucuber.Lucuber;
				PRODUCT_NAME = "$(TARGET_NAME)";
				SWIFT_VERSION = 3.0;
				TARGETED_DEVICE_FAMILY = 1;
			};
			name = Release;
		};
/* End XCBuildConfiguration section */

/* Begin XCConfigurationList section */
		E4FFAA771D8D29A30039BA8A /* Build configuration list for PBXProject "Lucuber" */ = {
			isa = XCConfigurationList;
			buildConfigurations = (
				E4FFAA8C1D8D29A30039BA8A /* Debug */,
				E4FFAA8D1D8D29A30039BA8A /* Release */,
			);
			defaultConfigurationIsVisible = 0;
			defaultConfigurationName = Release;
		};
		E4FFAA8E1D8D29A30039BA8A /* Build configuration list for PBXNativeTarget "Lucuber" */ = {
			isa = XCConfigurationList;
			buildConfigurations = (
				E4FFAA8F1D8D29A30039BA8A /* Debug */,
				E4FFAA901D8D29A30039BA8A /* Release */,
			);
			defaultConfigurationIsVisible = 0;
			defaultConfigurationName = Release;
		};
/* End XCConfigurationList section */
	};
	rootObject = E4FFAA741D8D29A30039BA8A /* Project object */;
}
